// !$*UTF8*$!
{
	archiveVersion = 1;
	classes = {
	};
	objectVersion = 48;
	objects = {

/* Begin PBXBuildFile section */
		045A9D98132F595F8D0AB21F /* Pods_FairFeesAppUITests.framework in Frameworks */ = {isa = PBXBuildFile; fileRef = D54D2B7670EE1DE3674DF20F /* Pods_FairFeesAppUITests.framework */; };
		292304F32054D844000ECFCF /* 00a0a_bHlb7rvOfrt_1200x900.jpg in Resources */ = {isa = PBXBuildFile; fileRef = 292304E52054D832000ECFCF /* 00a0a_bHlb7rvOfrt_1200x900.jpg */; };
		292304F42054D844000ECFCF /* 00i0i_i58WRgAT0E5_1200x900.jpg in Resources */ = {isa = PBXBuildFile; fileRef = 292304E62054D832000ECFCF /* 00i0i_i58WRgAT0E5_1200x900.jpg */; };
		292304F52054D844000ECFCF /* 00l0l_38ixPXcxZhW_1200x900.jpg in Resources */ = {isa = PBXBuildFile; fileRef = 292304E82054D833000ECFCF /* 00l0l_38ixPXcxZhW_1200x900.jpg */; };
		292304F62054D844000ECFCF /* 00P0P_ei9EzDPme8E_1200x900.jpg in Resources */ = {isa = PBXBuildFile; fileRef = 292304E92054D833000ECFCF /* 00P0P_ei9EzDPme8E_1200x900.jpg */; };
		292304F72054D844000ECFCF /* 00Y0Y_dxJFwLrXD2z_1200x900.jpg in Resources */ = {isa = PBXBuildFile; fileRef = 292304E72054D833000ECFCF /* 00Y0Y_dxJFwLrXD2z_1200x900.jpg */; };
		292304F82054D844000ECFCF /* 00101_iWfj9gmPMjJ_1200x900.jpg in Resources */ = {isa = PBXBuildFile; fileRef = 292304EB2054D833000ECFCF /* 00101_iWfj9gmPMjJ_1200x900.jpg */; };
		292304F92054D844000ECFCF /* 00606_6BcSIrgOqof_1200x900.jpg in Resources */ = {isa = PBXBuildFile; fileRef = 292304EA2054D833000ECFCF /* 00606_6BcSIrgOqof_1200x900.jpg */; };
		292304FA2054D844000ECFCF /* 00f0f_g4KXDGQh7wV_1200x900.jpg in Resources */ = {isa = PBXBuildFile; fileRef = 292304E32054D82E000ECFCF /* 00f0f_g4KXDGQh7wV_1200x900.jpg */; };
		292304FB2054D844000ECFCF /* 00U0U_ALiRuz1mTx_1200x900.jpg in Resources */ = {isa = PBXBuildFile; fileRef = 292304E42054D82E000ECFCF /* 00U0U_ALiRuz1mTx_1200x900.jpg */; };
		292304FC2054D844000ECFCF /* 00e0e_dVd4VYsuulU_1200x900.jpg in Resources */ = {isa = PBXBuildFile; fileRef = 292304DC2054D828000ECFCF /* 00e0e_dVd4VYsuulU_1200x900.jpg */; };
		292304FD2054D844000ECFCF /* 00k0k_ccCBmnQdSPi_1200x900.jpg in Resources */ = {isa = PBXBuildFile; fileRef = 292304E22054D829000ECFCF /* 00k0k_ccCBmnQdSPi_1200x900.jpg */; };
		292304FE2054D844000ECFCF /* 00L0L_j3n0Ghg3May_1200x900.jpg in Resources */ = {isa = PBXBuildFile; fileRef = 292304DE2054D828000ECFCF /* 00L0L_j3n0Ghg3May_1200x900.jpg */; };
		292304FF2054D844000ECFCF /* 00M0M_8j7fiZJGN04_1200x900.jpg in Resources */ = {isa = PBXBuildFile; fileRef = 292304DF2054D829000ECFCF /* 00M0M_8j7fiZJGN04_1200x900.jpg */; };
		292305002054D844000ECFCF /* 00N0N_dC0hJzZuUZr_1200x900.jpg in Resources */ = {isa = PBXBuildFile; fileRef = 292304DA2054D828000ECFCF /* 00N0N_dC0hJzZuUZr_1200x900.jpg */; };
		292305012054D844000ECFCF /* 00Q0Q_2bYvj1iYMGi_1200x900.jpg in Resources */ = {isa = PBXBuildFile; fileRef = 292304DB2054D828000ECFCF /* 00Q0Q_2bYvj1iYMGi_1200x900.jpg */; };
		292305022054D844000ECFCF /* 00S0S_hbqDmQ58qa1_1200x900.jpg in Resources */ = {isa = PBXBuildFile; fileRef = 292304DD2054D828000ECFCF /* 00S0S_hbqDmQ58qa1_1200x900.jpg */; };
		292305032054D844000ECFCF /* 00G0G_iZpKq2kJbr8_1200x900.jpg in Resources */ = {isa = PBXBuildFile; fileRef = 292304F02054D839000ECFCF /* 00G0G_iZpKq2kJbr8_1200x900.jpg */; };
		292305042054D844000ECFCF /* 00w0w_7Xm4T55PkAP_1200x900.jpg in Resources */ = {isa = PBXBuildFile; fileRef = 292304EE2054D838000ECFCF /* 00w0w_7Xm4T55PkAP_1200x900.jpg */; };
		292305052054D844000ECFCF /* 00w0w_e8JqNq4nDgI_1200x900.jpg in Resources */ = {isa = PBXBuildFile; fileRef = 292304ED2054D838000ECFCF /* 00w0w_e8JqNq4nDgI_1200x900.jpg */; };
		292305062054D844000ECFCF /* 00404_8OmXsbv4SED_1200x900.jpg in Resources */ = {isa = PBXBuildFile; fileRef = 292304EF2054D838000ECFCF /* 00404_8OmXsbv4SED_1200x900.jpg */; };
		292305072054D844000ECFCF /* 01010_bQE4g1cNSyD_1200x900.jpg in Resources */ = {isa = PBXBuildFile; fileRef = 292304F22054D839000ECFCF /* 01010_bQE4g1cNSyD_1200x900.jpg */; };
		292305082054D844000ECFCF /* 01111_9LMDIdNYAfP_1200x900.jpg in Resources */ = {isa = PBXBuildFile; fileRef = 292304F12054D839000ECFCF /* 01111_9LMDIdNYAfP_1200x900.jpg */; };
		292305092054D844000ECFCF /* 01212_1l9PZ8SjGYJ_1200x900.jpg in Resources */ = {isa = PBXBuildFile; fileRef = 292304EC2054D838000ECFCF /* 01212_1l9PZ8SjGYJ_1200x900.jpg */; };
		2923050A2054D844000ECFCF /* 00V0V_1w79UkaNL93_1200x900.jpg in Resources */ = {isa = PBXBuildFile; fileRef = 292304E02054D829000ECFCF /* 00V0V_1w79UkaNL93_1200x900.jpg */; };
		2923050B2054D844000ECFCF /* 01212_lbaPCrD1wkz_1200x900.jpg in Resources */ = {isa = PBXBuildFile; fileRef = 292304E12054D829000ECFCF /* 01212_lbaPCrD1wkz_1200x900.jpg */; };
		2923050C2054D844000ECFCF /* 00B0B_79jyoTMowLD_1200x900.jpg in Resources */ = {isa = PBXBuildFile; fileRef = 292304D72054D81F000ECFCF /* 00B0B_79jyoTMowLD_1200x900.jpg */; };
		2923050D2054D844000ECFCF /* 00B0B_anRDCMQfQ3p_1200x900.jpg in Resources */ = {isa = PBXBuildFile; fileRef = 292304D52054D81F000ECFCF /* 00B0B_anRDCMQfQ3p_1200x900.jpg */; };
		2923050E2054D844000ECFCF /* 00l0l_a0QTvRBkXQy_1200x900.jpg in Resources */ = {isa = PBXBuildFile; fileRef = 292304D32054D81F000ECFCF /* 00l0l_a0QTvRBkXQy_1200x900.jpg */; };
		2923050F2054D844000ECFCF /* 00L0L_i9sDtSXuHjz_1200x900.jpg in Resources */ = {isa = PBXBuildFile; fileRef = 292304D42054D81F000ECFCF /* 00L0L_i9sDtSXuHjz_1200x900.jpg */; };
		292305102054D844000ECFCF /* 00N0N_2MZaQK4150n_1200x900.jpg in Resources */ = {isa = PBXBuildFile; fileRef = 292304D82054D820000ECFCF /* 00N0N_2MZaQK4150n_1200x900.jpg */; };
		292305112054D844000ECFCF /* 00P0P_buoO9jmpb6c_1200x900.jpg in Resources */ = {isa = PBXBuildFile; fileRef = 292304D12054D81E000ECFCF /* 00P0P_buoO9jmpb6c_1200x900.jpg */; };
		292305122054D844000ECFCF /* 00W0W_bqm9ca1gKws_1200x900.jpg in Resources */ = {isa = PBXBuildFile; fileRef = 292304D62054D81F000ECFCF /* 00W0W_bqm9ca1gKws_1200x900.jpg */; };
		292305132054D844000ECFCF /* 00Y0Y_1RmFaEtv0nr_1200x900.jpg in Resources */ = {isa = PBXBuildFile; fileRef = 292304D92054D820000ECFCF /* 00Y0Y_1RmFaEtv0nr_1200x900.jpg */; };
		292305142054D844000ECFCF /* 00707_a4xJkZU2wIn_1200x900.jpg in Resources */ = {isa = PBXBuildFile; fileRef = 292304D22054D81F000ECFCF /* 00707_a4xJkZU2wIn_1200x900.jpg */; };
		CE51484A204F70170021DB67 /* LocationManager.swift in Sources */ = {isa = PBXBuildFile; fileRef = CE514849204F70170021DB67 /* LocationManager.swift */; };
		CE51484C204F74540021DB67 /* DummyData.swift in Sources */ = {isa = PBXBuildFile; fileRef = CE51484B204F74540021DB67 /* DummyData.swift */; };
		CE51484E204F778F0021DB67 /* Sale.swift in Sources */ = {isa = PBXBuildFile; fileRef = CE51484D204F778F0021DB67 /* Sale.swift */; };
		CE514850204F77C20021DB67 /* User.swift in Sources */ = {isa = PBXBuildFile; fileRef = CE51484F204F77C20021DB67 /* User.swift */; };
		CE514852204F7A580021DB67 /* HomeSale.swift in Sources */ = {isa = PBXBuildFile; fileRef = CE514851204F7A580021DB67 /* HomeSale.swift */; };
		CE51485420505FAE0021DB67 /* UIProperties.swift in Sources */ = {isa = PBXBuildFile; fileRef = CE51485320505FAE0021DB67 /* UIProperties.swift */; };
		CE51485620506A350021DB67 /* ListingDetailViewController.swift in Sources */ = {isa = PBXBuildFile; fileRef = CE51485520506A350021DB67 /* ListingDetailViewController.swift */; };
		CE5148592050C1A50021DB67 /* HomeTableViewCell.swift in Sources */ = {isa = PBXBuildFile; fileRef = CE5148572050C1A50021DB67 /* HomeTableViewCell.swift */; };
		CE51485A2050C1A50021DB67 /* HomeTableViewCell.xib in Resources */ = {isa = PBXBuildFile; fileRef = CE5148582050C1A50021DB67 /* HomeTableViewCell.xib */; };
		CE51485C2051B7000021DB67 /* PostViewController.swift in Sources */ = {isa = PBXBuildFile; fileRef = CE51485B2051B7000021DB67 /* PostViewController.swift */; };
		CE51485E205200880021DB67 /* PostMapViewController.swift in Sources */ = {isa = PBXBuildFile; fileRef = CE51485D205200880021DB67 /* PostMapViewController.swift */; };
		CE514860205203700021DB67 /* PostMapSearchResultsTableViewController.swift in Sources */ = {isa = PBXBuildFile; fileRef = CE51485F205203700021DB67 /* PostMapSearchResultsTableViewController.swift */; };
		CE5148632054C0560021DB67 /* PostPhotoCollectionViewCell.swift in Sources */ = {isa = PBXBuildFile; fileRef = CE5148612054C0560021DB67 /* PostPhotoCollectionViewCell.swift */; };
		CE5148642054C0560021DB67 /* PostPhotoCollectionViewCell.xib in Resources */ = {isa = PBXBuildFile; fileRef = CE5148622054C0560021DB67 /* PostPhotoCollectionViewCell.xib */; };
		CE514866205715D60021DB67 /* GoogleMapsBase.framework in Frameworks */ = {isa = PBXBuildFile; fileRef = CE514865205715D50021DB67 /* GoogleMapsBase.framework */; };
		CE514867205715D80021DB67 /* GoogleMapsBase.framework in Frameworks */ = {isa = PBXBuildFile; fileRef = CE514865205715D50021DB67 /* GoogleMapsBase.framework */; };
		CE514868205715D90021DB67 /* GoogleMapsBase.framework in Frameworks */ = {isa = PBXBuildFile; fileRef = CE514865205715D50021DB67 /* GoogleMapsBase.framework */; };
		CE51486A205715FC0021DB67 /* GoogleMaps.framework in Frameworks */ = {isa = PBXBuildFile; fileRef = CE514869205715FC0021DB67 /* GoogleMaps.framework */; };
		CE51486B205715FC0021DB67 /* GoogleMaps.framework in Frameworks */ = {isa = PBXBuildFile; fileRef = CE514869205715FC0021DB67 /* GoogleMaps.framework */; };
		CE51486C205715FC0021DB67 /* GoogleMaps.framework in Frameworks */ = {isa = PBXBuildFile; fileRef = CE514869205715FC0021DB67 /* GoogleMaps.framework */; };
		CE51486E2057161F0021DB67 /* GoogleMapsCore.framework in Frameworks */ = {isa = PBXBuildFile; fileRef = CE51486D2057161F0021DB67 /* GoogleMapsCore.framework */; };
		CE51486F2057161F0021DB67 /* GoogleMapsCore.framework in Frameworks */ = {isa = PBXBuildFile; fileRef = CE51486D2057161F0021DB67 /* GoogleMapsCore.framework */; };
		CE5148702057161F0021DB67 /* GoogleMapsCore.framework in Frameworks */ = {isa = PBXBuildFile; fileRef = CE51486D2057161F0021DB67 /* GoogleMapsCore.framework */; };
		CE514872205716F80021DB67 /* GoogleMaps.bundle in Resources */ = {isa = PBXBuildFile; fileRef = CE514871205716F80021DB67 /* GoogleMaps.bundle */; };
		CE514873205716F80021DB67 /* GoogleMaps.bundle in Resources */ = {isa = PBXBuildFile; fileRef = CE514871205716F80021DB67 /* GoogleMaps.bundle */; };
		CE514874205716F80021DB67 /* GoogleMaps.bundle in Resources */ = {isa = PBXBuildFile; fileRef = CE514871205716F80021DB67 /* GoogleMaps.bundle */; };
		CE514877205717380021DB67 /* Accelerate.framework in Frameworks */ = {isa = PBXBuildFile; fileRef = CE514876205717380021DB67 /* Accelerate.framework */; };
		CE514879205717440021DB67 /* CoreData.framework in Frameworks */ = {isa = PBXBuildFile; fileRef = CE514878205717440021DB67 /* CoreData.framework */; };
		CE51487B2057174E0021DB67 /* CoreImage.framework in Frameworks */ = {isa = PBXBuildFile; fileRef = CE51487A2057174E0021DB67 /* CoreImage.framework */; };
		CE51487D205717550021DB67 /* CoreLocation.framework in Frameworks */ = {isa = PBXBuildFile; fileRef = CE51487C205717550021DB67 /* CoreLocation.framework */; };
		CE51487F205717600021DB67 /* CoreTelephony.framework in Frameworks */ = {isa = PBXBuildFile; fileRef = CE51487E205717600021DB67 /* CoreTelephony.framework */; };
		CE514881205717670021DB67 /* CoreText.framework in Frameworks */ = {isa = PBXBuildFile; fileRef = CE514880205717670021DB67 /* CoreText.framework */; };
		CE5148832057176E0021DB67 /* GLKit.framework in Frameworks */ = {isa = PBXBuildFile; fileRef = CE5148822057176E0021DB67 /* GLKit.framework */; };
		CE514885205717760021DB67 /* ImageIO.framework in Frameworks */ = {isa = PBXBuildFile; fileRef = CE514884205717760021DB67 /* ImageIO.framework */; };
		CE514887205717950021DB67 /* libc++.tbd in Frameworks */ = {isa = PBXBuildFile; fileRef = CE514886205717950021DB67 /* libc++.tbd */; };
		CE514889205717AC0021DB67 /* libz.tbd in Frameworks */ = {isa = PBXBuildFile; fileRef = CE514888205717AC0021DB67 /* libz.tbd */; };
		CE51488B205717B40021DB67 /* OpenGLES.framework in Frameworks */ = {isa = PBXBuildFile; fileRef = CE51488A205717B40021DB67 /* OpenGLES.framework */; };
		CE51488D205717BF0021DB67 /* QuartzCore.framework in Frameworks */ = {isa = PBXBuildFile; fileRef = CE51488C205717BF0021DB67 /* QuartzCore.framework */; };
		CE51488F205717CC0021DB67 /* SystemConfiguration.framework in Frameworks */ = {isa = PBXBuildFile; fileRef = CE51488E205717CC0021DB67 /* SystemConfiguration.framework */; };
		CE514891205717D70021DB67 /* UIKit.framework in Frameworks */ = {isa = PBXBuildFile; fileRef = CE514890205717D70021DB67 /* UIKit.framework */; };
		CE514893205860590021DB67 /* ImageScrollView.swift in Sources */ = {isa = PBXBuildFile; fileRef = CE514892205860570021DB67 /* ImageScrollView.swift */; };
		CE514897205882A10021DB67 /* GooglePlacePicker.framework in Frameworks */ = {isa = PBXBuildFile; fileRef = CE5148962058829F0021DB67 /* GooglePlacePicker.framework */; };
		CE514898205882A20021DB67 /* GooglePlacePicker.framework in Frameworks */ = {isa = PBXBuildFile; fileRef = CE5148962058829F0021DB67 /* GooglePlacePicker.framework */; };
		CE514899205882A20021DB67 /* GooglePlacePicker.framework in Frameworks */ = {isa = PBXBuildFile; fileRef = CE5148962058829F0021DB67 /* GooglePlacePicker.framework */; };
		CE51489B205882CD0021DB67 /* GooglePlaces.framework in Frameworks */ = {isa = PBXBuildFile; fileRef = CE51489A205882CC0021DB67 /* GooglePlaces.framework */; };
		CE51489C205882CD0021DB67 /* GooglePlaces.framework in Frameworks */ = {isa = PBXBuildFile; fileRef = CE51489A205882CC0021DB67 /* GooglePlaces.framework */; };
		CE51489D205882CD0021DB67 /* GooglePlaces.framework in Frameworks */ = {isa = PBXBuildFile; fileRef = CE51489A205882CC0021DB67 /* GooglePlaces.framework */; };
		CE5148A0205883910021DB67 /* GooglePlacePicker.bundle in Resources */ = {isa = PBXBuildFile; fileRef = CE51489F205883900021DB67 /* GooglePlacePicker.bundle */; };
		CE5148A1205883910021DB67 /* GooglePlacePicker.bundle in Resources */ = {isa = PBXBuildFile; fileRef = CE51489F205883900021DB67 /* GooglePlacePicker.bundle */; };
		CE5148A2205883910021DB67 /* GooglePlacePicker.bundle in Resources */ = {isa = PBXBuildFile; fileRef = CE51489F205883900021DB67 /* GooglePlacePicker.bundle */; };
		CE59DAEF205AF391006FD39D /* DirectionsManager.swift in Sources */ = {isa = PBXBuildFile; fileRef = CE59DAEE205AF38D006FD39D /* DirectionsManager.swift */; };
		CE6EFD0D205C5B20009AFF6A /* FilterView.swift in Sources */ = {isa = PBXBuildFile; fileRef = CE6EFD0C205C5B20009AFF6A /* FilterView.swift */; };
		CE6EFD0F205C5D8A009AFF6A /* FilterView.xib in Resources */ = {isa = PBXBuildFile; fileRef = CE6EFD0E205C5D8A009AFF6A /* FilterView.xib */; };
		CE6EFD1720606E00009AFF6A /* FirebaseData.swift in Sources */ = {isa = PBXBuildFile; fileRef = CE6EFD1620606DFF009AFF6A /* FirebaseData.swift */; };
		CE6EFD192060845D009AFF6A /* ImageManager.swift in Sources */ = {isa = PBXBuildFile; fileRef = CE6EFD182060845D009AFF6A /* ImageManager.swift */; };
		CE6EFD2320619293009AFF6A /* WriteFirebaseData.swift in Sources */ = {isa = PBXBuildFile; fileRef = CE6EFD2220619293009AFF6A /* WriteFirebaseData.swift */; };
		CE6EFD2420619293009AFF6A /* WriteFirebaseData.swift in Sources */ = {isa = PBXBuildFile; fileRef = CE6EFD2220619293009AFF6A /* WriteFirebaseData.swift */; };
		CE6EFD2520619293009AFF6A /* WriteFirebaseData.swift in Sources */ = {isa = PBXBuildFile; fileRef = CE6EFD2220619293009AFF6A /* WriteFirebaseData.swift */; };
		CE6EFD2720619805009AFF6A /* GoogleService-Info.plist in Resources */ = {isa = PBXBuildFile; fileRef = CE6EFD2620619805009AFF6A /* GoogleService-Info.plist */; };
		CE6EFD2820619805009AFF6A /* GoogleService-Info.plist in Resources */ = {isa = PBXBuildFile; fileRef = CE6EFD2620619805009AFF6A /* GoogleService-Info.plist */; };
		CE6EFD2920619805009AFF6A /* GoogleService-Info.plist in Resources */ = {isa = PBXBuildFile; fileRef = CE6EFD2620619805009AFF6A /* GoogleService-Info.plist */; };
		CE6EFD2B2061994A009AFF6A /* ReadFirebaseData.swift in Sources */ = {isa = PBXBuildFile; fileRef = CE6EFD2A2061994A009AFF6A /* ReadFirebaseData.swift */; };
		CE6EFD2C2061994A009AFF6A /* ReadFirebaseData.swift in Sources */ = {isa = PBXBuildFile; fileRef = CE6EFD2A2061994A009AFF6A /* ReadFirebaseData.swift */; };
		CE6EFD2D2061994A009AFF6A /* ReadFirebaseData.swift in Sources */ = {isa = PBXBuildFile; fileRef = CE6EFD2A2061994A009AFF6A /* ReadFirebaseData.swift */; };
		CE6EFD2F2061A38B009AFF6A /* AuthenticationManager.swift in Sources */ = {isa = PBXBuildFile; fileRef = CE6EFD2E2061A38B009AFF6A /* AuthenticationManager.swift */; };
		CE6EFD302061A38B009AFF6A /* AuthenticationManager.swift in Sources */ = {isa = PBXBuildFile; fileRef = CE6EFD2E2061A38B009AFF6A /* AuthenticationManager.swift */; };
		CE6EFD312061A38B009AFF6A /* AuthenticationManager.swift in Sources */ = {isa = PBXBuildFile; fileRef = CE6EFD2E2061A38B009AFF6A /* AuthenticationManager.swift */; };
		CE6EFD332061A6E4009AFF6A /* LoginViewController.swift in Sources */ = {isa = PBXBuildFile; fileRef = CE6EFD322061A6E4009AFF6A /* LoginViewController.swift */; };
		CE6EFD342061A6E4009AFF6A /* LoginViewController.swift in Sources */ = {isa = PBXBuildFile; fileRef = CE6EFD322061A6E4009AFF6A /* LoginViewController.swift */; };
		CE6EFD352061A6E4009AFF6A /* LoginViewController.swift in Sources */ = {isa = PBXBuildFile; fileRef = CE6EFD322061A6E4009AFF6A /* LoginViewController.swift */; };
		CE7F7DF2204DD32D00548D5F /* AppDelegate.swift in Sources */ = {isa = PBXBuildFile; fileRef = CE7F7DF1204DD32D00548D5F /* AppDelegate.swift */; };
		CE7F7DF4204DD32D00548D5F /* HomeViewController.swift in Sources */ = {isa = PBXBuildFile; fileRef = CE7F7DF3204DD32D00548D5F /* HomeViewController.swift */; };
		CE7F7DF9204DD32D00548D5F /* Main.storyboard in Resources */ = {isa = PBXBuildFile; fileRef = CE7F7DF7204DD32D00548D5F /* Main.storyboard */; };
		CE7F7DFB204DD32D00548D5F /* Assets.xcassets in Resources */ = {isa = PBXBuildFile; fileRef = CE7F7DFA204DD32D00548D5F /* Assets.xcassets */; };
		CE7F7DFE204DD32D00548D5F /* LaunchScreen.storyboard in Resources */ = {isa = PBXBuildFile; fileRef = CE7F7DFC204DD32D00548D5F /* LaunchScreen.storyboard */; };
		CE7F7E09204DD32E00548D5F /* FairFeesAppTests.swift in Sources */ = {isa = PBXBuildFile; fileRef = CE7F7E08204DD32E00548D5F /* FairFeesAppTests.swift */; };
		CE7F7E14204DD32E00548D5F /* FairFeesAppUITests.swift in Sources */ = {isa = PBXBuildFile; fileRef = CE7F7E13204DD32E00548D5F /* FairFeesAppUITests.swift */; };
		CE7F7E22204DDB6600548D5F /* MapViewDelegate.swift in Sources */ = {isa = PBXBuildFile; fileRef = CE7F7E21204DDB6600548D5F /* MapViewDelegate.swift */; };
		CE7F7E28204DE78500548D5F /* Listing.swift in Sources */ = {isa = PBXBuildFile; fileRef = CE7F7E27204DE78500548D5F /* Listing.swift */; };
		CE7F7E2A204DE7B700548D5F /* Building.swift in Sources */ = {isa = PBXBuildFile; fileRef = CE7F7E29204DE7B700548D5F /* Building.swift */; };
		CE7F7E2C204DE8C100548D5F /* Rental.swift in Sources */ = {isa = PBXBuildFile; fileRef = CE7F7E2B204DE8C100548D5F /* Rental.swift */; };
		D32A21875248C9799A303988 /* Pods_FairFeesAppTests.framework in Frameworks */ = {isa = PBXBuildFile; fileRef = 87FB8A529188D490A800E233 /* Pods_FairFeesAppTests.framework */; };
		DE459E064610D0977ABD5CFB /* Pods_FairFeesApp.framework in Frameworks */ = {isa = PBXBuildFile; fileRef = 6121D021F4B3A54D6AF1A32A /* Pods_FairFeesApp.framework */; };
/* End PBXBuildFile section */

/* Begin PBXContainerItemProxy section */
		CE7F7E05204DD32E00548D5F /* PBXContainerItemProxy */ = {
			isa = PBXContainerItemProxy;
			containerPortal = CE7F7DE6204DD32D00548D5F /* Project object */;
			proxyType = 1;
			remoteGlobalIDString = CE7F7DED204DD32D00548D5F;
			remoteInfo = FairFeesApp;
		};
		CE7F7E10204DD32E00548D5F /* PBXContainerItemProxy */ = {
			isa = PBXContainerItemProxy;
			containerPortal = CE7F7DE6204DD32D00548D5F /* Project object */;
			proxyType = 1;
			remoteGlobalIDString = CE7F7DED204DD32D00548D5F;
			remoteInfo = FairFeesApp;
		};
/* End PBXContainerItemProxy section */

/* Begin PBXFileReference section */
		0DFA2F96CCA1169634D2D0FE /* Pods-FairFeesApp.debug.xcconfig */ = {isa = PBXFileReference; includeInIndex = 1; lastKnownFileType = text.xcconfig; name = "Pods-FairFeesApp.debug.xcconfig"; path = "Pods/Target Support Files/Pods-FairFeesApp/Pods-FairFeesApp.debug.xcconfig"; sourceTree = "<group>"; };
		292304D12054D81E000ECFCF /* 00P0P_buoO9jmpb6c_1200x900.jpg */ = {isa = PBXFileReference; lastKnownFileType = image.jpeg; path = 00P0P_buoO9jmpb6c_1200x900.jpg; sourceTree = "<group>"; };
		292304D22054D81F000ECFCF /* 00707_a4xJkZU2wIn_1200x900.jpg */ = {isa = PBXFileReference; lastKnownFileType = image.jpeg; path = 00707_a4xJkZU2wIn_1200x900.jpg; sourceTree = "<group>"; };
		292304D32054D81F000ECFCF /* 00l0l_a0QTvRBkXQy_1200x900.jpg */ = {isa = PBXFileReference; lastKnownFileType = image.jpeg; path = 00l0l_a0QTvRBkXQy_1200x900.jpg; sourceTree = "<group>"; };
		292304D42054D81F000ECFCF /* 00L0L_i9sDtSXuHjz_1200x900.jpg */ = {isa = PBXFileReference; lastKnownFileType = image.jpeg; path = 00L0L_i9sDtSXuHjz_1200x900.jpg; sourceTree = "<group>"; };
		292304D52054D81F000ECFCF /* 00B0B_anRDCMQfQ3p_1200x900.jpg */ = {isa = PBXFileReference; lastKnownFileType = image.jpeg; path = 00B0B_anRDCMQfQ3p_1200x900.jpg; sourceTree = "<group>"; };
		292304D62054D81F000ECFCF /* 00W0W_bqm9ca1gKws_1200x900.jpg */ = {isa = PBXFileReference; lastKnownFileType = image.jpeg; path = 00W0W_bqm9ca1gKws_1200x900.jpg; sourceTree = "<group>"; };
		292304D72054D81F000ECFCF /* 00B0B_79jyoTMowLD_1200x900.jpg */ = {isa = PBXFileReference; lastKnownFileType = image.jpeg; path = 00B0B_79jyoTMowLD_1200x900.jpg; sourceTree = "<group>"; };
		292304D82054D820000ECFCF /* 00N0N_2MZaQK4150n_1200x900.jpg */ = {isa = PBXFileReference; lastKnownFileType = image.jpeg; path = 00N0N_2MZaQK4150n_1200x900.jpg; sourceTree = "<group>"; };
		292304D92054D820000ECFCF /* 00Y0Y_1RmFaEtv0nr_1200x900.jpg */ = {isa = PBXFileReference; lastKnownFileType = image.jpeg; path = 00Y0Y_1RmFaEtv0nr_1200x900.jpg; sourceTree = "<group>"; };
		292304DA2054D828000ECFCF /* 00N0N_dC0hJzZuUZr_1200x900.jpg */ = {isa = PBXFileReference; lastKnownFileType = image.jpeg; path = 00N0N_dC0hJzZuUZr_1200x900.jpg; sourceTree = "<group>"; };
		292304DB2054D828000ECFCF /* 00Q0Q_2bYvj1iYMGi_1200x900.jpg */ = {isa = PBXFileReference; lastKnownFileType = image.jpeg; path = 00Q0Q_2bYvj1iYMGi_1200x900.jpg; sourceTree = "<group>"; };
		292304DC2054D828000ECFCF /* 00e0e_dVd4VYsuulU_1200x900.jpg */ = {isa = PBXFileReference; lastKnownFileType = image.jpeg; path = 00e0e_dVd4VYsuulU_1200x900.jpg; sourceTree = "<group>"; };
		292304DD2054D828000ECFCF /* 00S0S_hbqDmQ58qa1_1200x900.jpg */ = {isa = PBXFileReference; lastKnownFileType = image.jpeg; path = 00S0S_hbqDmQ58qa1_1200x900.jpg; sourceTree = "<group>"; };
		292304DE2054D828000ECFCF /* 00L0L_j3n0Ghg3May_1200x900.jpg */ = {isa = PBXFileReference; lastKnownFileType = image.jpeg; path = 00L0L_j3n0Ghg3May_1200x900.jpg; sourceTree = "<group>"; };
		292304DF2054D829000ECFCF /* 00M0M_8j7fiZJGN04_1200x900.jpg */ = {isa = PBXFileReference; lastKnownFileType = image.jpeg; path = 00M0M_8j7fiZJGN04_1200x900.jpg; sourceTree = "<group>"; };
		292304E02054D829000ECFCF /* 00V0V_1w79UkaNL93_1200x900.jpg */ = {isa = PBXFileReference; lastKnownFileType = image.jpeg; path = 00V0V_1w79UkaNL93_1200x900.jpg; sourceTree = "<group>"; };
		292304E12054D829000ECFCF /* 01212_lbaPCrD1wkz_1200x900.jpg */ = {isa = PBXFileReference; lastKnownFileType = image.jpeg; path = 01212_lbaPCrD1wkz_1200x900.jpg; sourceTree = "<group>"; };
		292304E22054D829000ECFCF /* 00k0k_ccCBmnQdSPi_1200x900.jpg */ = {isa = PBXFileReference; lastKnownFileType = image.jpeg; path = 00k0k_ccCBmnQdSPi_1200x900.jpg; sourceTree = "<group>"; };
		292304E32054D82E000ECFCF /* 00f0f_g4KXDGQh7wV_1200x900.jpg */ = {isa = PBXFileReference; lastKnownFileType = image.jpeg; path = 00f0f_g4KXDGQh7wV_1200x900.jpg; sourceTree = "<group>"; };
		292304E42054D82E000ECFCF /* 00U0U_ALiRuz1mTx_1200x900.jpg */ = {isa = PBXFileReference; lastKnownFileType = image.jpeg; path = 00U0U_ALiRuz1mTx_1200x900.jpg; sourceTree = "<group>"; };
		292304E52054D832000ECFCF /* 00a0a_bHlb7rvOfrt_1200x900.jpg */ = {isa = PBXFileReference; lastKnownFileType = image.jpeg; path = 00a0a_bHlb7rvOfrt_1200x900.jpg; sourceTree = "<group>"; };
		292304E62054D832000ECFCF /* 00i0i_i58WRgAT0E5_1200x900.jpg */ = {isa = PBXFileReference; lastKnownFileType = image.jpeg; path = 00i0i_i58WRgAT0E5_1200x900.jpg; sourceTree = "<group>"; };
		292304E72054D833000ECFCF /* 00Y0Y_dxJFwLrXD2z_1200x900.jpg */ = {isa = PBXFileReference; lastKnownFileType = image.jpeg; path = 00Y0Y_dxJFwLrXD2z_1200x900.jpg; sourceTree = "<group>"; };
		292304E82054D833000ECFCF /* 00l0l_38ixPXcxZhW_1200x900.jpg */ = {isa = PBXFileReference; lastKnownFileType = image.jpeg; path = 00l0l_38ixPXcxZhW_1200x900.jpg; sourceTree = "<group>"; };
		292304E92054D833000ECFCF /* 00P0P_ei9EzDPme8E_1200x900.jpg */ = {isa = PBXFileReference; lastKnownFileType = image.jpeg; path = 00P0P_ei9EzDPme8E_1200x900.jpg; sourceTree = "<group>"; };
		292304EA2054D833000ECFCF /* 00606_6BcSIrgOqof_1200x900.jpg */ = {isa = PBXFileReference; lastKnownFileType = image.jpeg; path = 00606_6BcSIrgOqof_1200x900.jpg; sourceTree = "<group>"; };
		292304EB2054D833000ECFCF /* 00101_iWfj9gmPMjJ_1200x900.jpg */ = {isa = PBXFileReference; lastKnownFileType = image.jpeg; path = 00101_iWfj9gmPMjJ_1200x900.jpg; sourceTree = "<group>"; };
		292304EC2054D838000ECFCF /* 01212_1l9PZ8SjGYJ_1200x900.jpg */ = {isa = PBXFileReference; lastKnownFileType = image.jpeg; path = 01212_1l9PZ8SjGYJ_1200x900.jpg; sourceTree = "<group>"; };
		292304ED2054D838000ECFCF /* 00w0w_e8JqNq4nDgI_1200x900.jpg */ = {isa = PBXFileReference; lastKnownFileType = image.jpeg; path = 00w0w_e8JqNq4nDgI_1200x900.jpg; sourceTree = "<group>"; };
		292304EE2054D838000ECFCF /* 00w0w_7Xm4T55PkAP_1200x900.jpg */ = {isa = PBXFileReference; lastKnownFileType = image.jpeg; path = 00w0w_7Xm4T55PkAP_1200x900.jpg; sourceTree = "<group>"; };
		292304EF2054D838000ECFCF /* 00404_8OmXsbv4SED_1200x900.jpg */ = {isa = PBXFileReference; lastKnownFileType = image.jpeg; path = 00404_8OmXsbv4SED_1200x900.jpg; sourceTree = "<group>"; };
		292304F02054D839000ECFCF /* 00G0G_iZpKq2kJbr8_1200x900.jpg */ = {isa = PBXFileReference; lastKnownFileType = image.jpeg; path = 00G0G_iZpKq2kJbr8_1200x900.jpg; sourceTree = "<group>"; };
		292304F12054D839000ECFCF /* 01111_9LMDIdNYAfP_1200x900.jpg */ = {isa = PBXFileReference; lastKnownFileType = image.jpeg; path = 01111_9LMDIdNYAfP_1200x900.jpg; sourceTree = "<group>"; };
		292304F22054D839000ECFCF /* 01010_bQE4g1cNSyD_1200x900.jpg */ = {isa = PBXFileReference; lastKnownFileType = image.jpeg; path = 01010_bQE4g1cNSyD_1200x900.jpg; sourceTree = "<group>"; };
		6121D021F4B3A54D6AF1A32A /* Pods_FairFeesApp.framework */ = {isa = PBXFileReference; explicitFileType = wrapper.framework; includeInIndex = 0; path = Pods_FairFeesApp.framework; sourceTree = BUILT_PRODUCTS_DIR; };
		70D860E49D3D53E64D9B5E64 /* Pods-FairFeesAppTests.release.xcconfig */ = {isa = PBXFileReference; includeInIndex = 1; lastKnownFileType = text.xcconfig; name = "Pods-FairFeesAppTests.release.xcconfig"; path = "Pods/Target Support Files/Pods-FairFeesAppTests/Pods-FairFeesAppTests.release.xcconfig"; sourceTree = "<group>"; };
		83708AB4367B80EBBA3E1144 /* Pods-FairFeesAppTests.debug.xcconfig */ = {isa = PBXFileReference; includeInIndex = 1; lastKnownFileType = text.xcconfig; name = "Pods-FairFeesAppTests.debug.xcconfig"; path = "Pods/Target Support Files/Pods-FairFeesAppTests/Pods-FairFeesAppTests.debug.xcconfig"; sourceTree = "<group>"; };
		87FB8A529188D490A800E233 /* Pods_FairFeesAppTests.framework */ = {isa = PBXFileReference; explicitFileType = wrapper.framework; includeInIndex = 0; path = Pods_FairFeesAppTests.framework; sourceTree = BUILT_PRODUCTS_DIR; };
		960C162E6E4F2CBCE53EB28D /* Pods-FairFeesAppUITests.debug.xcconfig */ = {isa = PBXFileReference; includeInIndex = 1; lastKnownFileType = text.xcconfig; name = "Pods-FairFeesAppUITests.debug.xcconfig"; path = "Pods/Target Support Files/Pods-FairFeesAppUITests/Pods-FairFeesAppUITests.debug.xcconfig"; sourceTree = "<group>"; };
		AAC4FB017996BA05F30FFF74 /* Pods-FairFeesApp.release.xcconfig */ = {isa = PBXFileReference; includeInIndex = 1; lastKnownFileType = text.xcconfig; name = "Pods-FairFeesApp.release.xcconfig"; path = "Pods/Target Support Files/Pods-FairFeesApp/Pods-FairFeesApp.release.xcconfig"; sourceTree = "<group>"; };
		BA655933DA70A492664E8083 /* Pods-FairFeesAppUITests.release.xcconfig */ = {isa = PBXFileReference; includeInIndex = 1; lastKnownFileType = text.xcconfig; name = "Pods-FairFeesAppUITests.release.xcconfig"; path = "Pods/Target Support Files/Pods-FairFeesAppUITests/Pods-FairFeesAppUITests.release.xcconfig"; sourceTree = "<group>"; };
		CE514849204F70170021DB67 /* LocationManager.swift */ = {isa = PBXFileReference; lastKnownFileType = sourcecode.swift; path = LocationManager.swift; sourceTree = "<group>"; };
		CE51484B204F74540021DB67 /* DummyData.swift */ = {isa = PBXFileReference; lastKnownFileType = sourcecode.swift; path = DummyData.swift; sourceTree = "<group>"; };
		CE51484D204F778F0021DB67 /* Sale.swift */ = {isa = PBXFileReference; lastKnownFileType = sourcecode.swift; path = Sale.swift; sourceTree = "<group>"; };
		CE51484F204F77C20021DB67 /* User.swift */ = {isa = PBXFileReference; lastKnownFileType = sourcecode.swift; path = User.swift; sourceTree = "<group>"; };
		CE514851204F7A580021DB67 /* HomeSale.swift */ = {isa = PBXFileReference; lastKnownFileType = sourcecode.swift; path = HomeSale.swift; sourceTree = "<group>"; };
		CE51485320505FAE0021DB67 /* UIProperties.swift */ = {isa = PBXFileReference; lastKnownFileType = sourcecode.swift; path = UIProperties.swift; sourceTree = "<group>"; };
		CE51485520506A350021DB67 /* ListingDetailViewController.swift */ = {isa = PBXFileReference; lastKnownFileType = sourcecode.swift; path = ListingDetailViewController.swift; sourceTree = "<group>"; };
		CE5148572050C1A50021DB67 /* HomeTableViewCell.swift */ = {isa = PBXFileReference; lastKnownFileType = sourcecode.swift; path = HomeTableViewCell.swift; sourceTree = "<group>"; };
		CE5148582050C1A50021DB67 /* HomeTableViewCell.xib */ = {isa = PBXFileReference; lastKnownFileType = file.xib; path = HomeTableViewCell.xib; sourceTree = "<group>"; };
		CE51485B2051B7000021DB67 /* PostViewController.swift */ = {isa = PBXFileReference; lastKnownFileType = sourcecode.swift; path = PostViewController.swift; sourceTree = "<group>"; };
		CE51485D205200880021DB67 /* PostMapViewController.swift */ = {isa = PBXFileReference; lastKnownFileType = sourcecode.swift; path = PostMapViewController.swift; sourceTree = "<group>"; };
		CE51485F205203700021DB67 /* PostMapSearchResultsTableViewController.swift */ = {isa = PBXFileReference; lastKnownFileType = sourcecode.swift; path = PostMapSearchResultsTableViewController.swift; sourceTree = "<group>"; };
		CE5148612054C0560021DB67 /* PostPhotoCollectionViewCell.swift */ = {isa = PBXFileReference; lastKnownFileType = sourcecode.swift; path = PostPhotoCollectionViewCell.swift; sourceTree = "<group>"; };
		CE5148622054C0560021DB67 /* PostPhotoCollectionViewCell.xib */ = {isa = PBXFileReference; lastKnownFileType = file.xib; path = PostPhotoCollectionViewCell.xib; sourceTree = "<group>"; };
		CE514865205715D50021DB67 /* GoogleMapsBase.framework */ = {isa = PBXFileReference; lastKnownFileType = wrapper.framework; path = GoogleMapsBase.framework; sourceTree = "<group>"; };
		CE514869205715FC0021DB67 /* GoogleMaps.framework */ = {isa = PBXFileReference; lastKnownFileType = wrapper.framework; path = GoogleMaps.framework; sourceTree = "<group>"; };
		CE51486D2057161F0021DB67 /* GoogleMapsCore.framework */ = {isa = PBXFileReference; lastKnownFileType = wrapper.framework; path = GoogleMapsCore.framework; sourceTree = "<group>"; };
		CE514871205716F80021DB67 /* GoogleMaps.bundle */ = {isa = PBXFileReference; lastKnownFileType = "wrapper.plug-in"; name = GoogleMaps.bundle; path = GoogleMaps.framework/Resources/GoogleMaps.bundle; sourceTree = "<group>"; };
		CE514876205717380021DB67 /* Accelerate.framework */ = {isa = PBXFileReference; lastKnownFileType = wrapper.framework; name = Accelerate.framework; path = System/Library/Frameworks/Accelerate.framework; sourceTree = SDKROOT; };
		CE514878205717440021DB67 /* CoreData.framework */ = {isa = PBXFileReference; lastKnownFileType = wrapper.framework; name = CoreData.framework; path = System/Library/Frameworks/CoreData.framework; sourceTree = SDKROOT; };
		CE51487A2057174E0021DB67 /* CoreImage.framework */ = {isa = PBXFileReference; lastKnownFileType = wrapper.framework; name = CoreImage.framework; path = System/Library/Frameworks/CoreImage.framework; sourceTree = SDKROOT; };
		CE51487C205717550021DB67 /* CoreLocation.framework */ = {isa = PBXFileReference; lastKnownFileType = wrapper.framework; name = CoreLocation.framework; path = System/Library/Frameworks/CoreLocation.framework; sourceTree = SDKROOT; };
		CE51487E205717600021DB67 /* CoreTelephony.framework */ = {isa = PBXFileReference; lastKnownFileType = wrapper.framework; name = CoreTelephony.framework; path = System/Library/Frameworks/CoreTelephony.framework; sourceTree = SDKROOT; };
		CE514880205717670021DB67 /* CoreText.framework */ = {isa = PBXFileReference; lastKnownFileType = wrapper.framework; name = CoreText.framework; path = System/Library/Frameworks/CoreText.framework; sourceTree = SDKROOT; };
		CE5148822057176E0021DB67 /* GLKit.framework */ = {isa = PBXFileReference; lastKnownFileType = wrapper.framework; name = GLKit.framework; path = System/Library/Frameworks/GLKit.framework; sourceTree = SDKROOT; };
		CE514884205717760021DB67 /* ImageIO.framework */ = {isa = PBXFileReference; lastKnownFileType = wrapper.framework; name = ImageIO.framework; path = System/Library/Frameworks/ImageIO.framework; sourceTree = SDKROOT; };
		CE514886205717950021DB67 /* libc++.tbd */ = {isa = PBXFileReference; lastKnownFileType = "sourcecode.text-based-dylib-definition"; name = "libc++.tbd"; path = "usr/lib/libc++.tbd"; sourceTree = SDKROOT; };
		CE514888205717AC0021DB67 /* libz.tbd */ = {isa = PBXFileReference; lastKnownFileType = "sourcecode.text-based-dylib-definition"; name = libz.tbd; path = usr/lib/libz.tbd; sourceTree = SDKROOT; };
		CE51488A205717B40021DB67 /* OpenGLES.framework */ = {isa = PBXFileReference; lastKnownFileType = wrapper.framework; name = OpenGLES.framework; path = System/Library/Frameworks/OpenGLES.framework; sourceTree = SDKROOT; };
		CE51488C205717BF0021DB67 /* QuartzCore.framework */ = {isa = PBXFileReference; lastKnownFileType = wrapper.framework; name = QuartzCore.framework; path = System/Library/Frameworks/QuartzCore.framework; sourceTree = SDKROOT; };
		CE51488E205717CC0021DB67 /* SystemConfiguration.framework */ = {isa = PBXFileReference; lastKnownFileType = wrapper.framework; name = SystemConfiguration.framework; path = System/Library/Frameworks/SystemConfiguration.framework; sourceTree = SDKROOT; };
		CE514890205717D70021DB67 /* UIKit.framework */ = {isa = PBXFileReference; lastKnownFileType = wrapper.framework; name = UIKit.framework; path = System/Library/Frameworks/UIKit.framework; sourceTree = SDKROOT; };
		CE514892205860570021DB67 /* ImageScrollView.swift */ = {isa = PBXFileReference; lastKnownFileType = sourcecode.swift; path = ImageScrollView.swift; sourceTree = "<group>"; };
		CE5148962058829F0021DB67 /* GooglePlacePicker.framework */ = {isa = PBXFileReference; lastKnownFileType = wrapper.framework; path = GooglePlacePicker.framework; sourceTree = "<group>"; };
		CE51489A205882CC0021DB67 /* GooglePlaces.framework */ = {isa = PBXFileReference; lastKnownFileType = wrapper.framework; path = GooglePlaces.framework; sourceTree = "<group>"; };
		CE51489E2058837F0021DB67 /* GooglePlaces.bundle */ = {isa = PBXFileReference; lastKnownFileType = "wrapper.plug-in"; path = GooglePlaces.bundle; sourceTree = "<group>"; };
		CE51489F205883900021DB67 /* GooglePlacePicker.bundle */ = {isa = PBXFileReference; lastKnownFileType = "wrapper.plug-in"; name = GooglePlacePicker.bundle; path = FairFeesApp/GooglePlacePicker.framework/Resources/GooglePlacePicker.bundle; sourceTree = "<group>"; };
		CE59DAEE205AF38D006FD39D /* DirectionsManager.swift */ = {isa = PBXFileReference; lastKnownFileType = sourcecode.swift; path = DirectionsManager.swift; sourceTree = "<group>"; };
		CE6EFD0C205C5B20009AFF6A /* FilterView.swift */ = {isa = PBXFileReference; lastKnownFileType = sourcecode.swift; path = FilterView.swift; sourceTree = "<group>"; };
		CE6EFD0E205C5D8A009AFF6A /* FilterView.xib */ = {isa = PBXFileReference; lastKnownFileType = file.xib; name = FilterView.xib; path = FairFeesApp/FilterView.xib; sourceTree = "<group>"; };
		CE6EFD1620606DFF009AFF6A /* FirebaseData.swift */ = {isa = PBXFileReference; lastKnownFileType = sourcecode.swift; name = FirebaseData.swift; path = "/Users/sanjayshah/Documents/Apps/Fair Fees/FairFeesApp/FairFeesApp/FirebaseData.swift"; sourceTree = "<absolute>"; };
		CE6EFD182060845D009AFF6A /* ImageManager.swift */ = {isa = PBXFileReference; lastKnownFileType = sourcecode.swift; path = ImageManager.swift; sourceTree = "<group>"; };
		CE6EFD2220619293009AFF6A /* WriteFirebaseData.swift */ = {isa = PBXFileReference; lastKnownFileType = sourcecode.swift; path = WriteFirebaseData.swift; sourceTree = "<group>"; };
		CE6EFD2620619805009AFF6A /* GoogleService-Info.plist */ = {isa = PBXFileReference; fileEncoding = 4; lastKnownFileType = text.plist.xml; path = "GoogleService-Info.plist"; sourceTree = "<group>"; };
		CE6EFD2A2061994A009AFF6A /* ReadFirebaseData.swift */ = {isa = PBXFileReference; lastKnownFileType = sourcecode.swift; path = ReadFirebaseData.swift; sourceTree = "<group>"; };
		CE6EFD2E2061A38B009AFF6A /* AuthenticationManager.swift */ = {isa = PBXFileReference; lastKnownFileType = sourcecode.swift; path = AuthenticationManager.swift; sourceTree = "<group>"; };
		CE6EFD322061A6E4009AFF6A /* LoginViewController.swift */ = {isa = PBXFileReference; lastKnownFileType = sourcecode.swift; path = LoginViewController.swift; sourceTree = "<group>"; };
		CE7F7DEE204DD32D00548D5F /* FairFeesApp.app */ = {isa = PBXFileReference; explicitFileType = wrapper.application; includeInIndex = 0; path = FairFeesApp.app; sourceTree = BUILT_PRODUCTS_DIR; };
		CE7F7DF1204DD32D00548D5F /* AppDelegate.swift */ = {isa = PBXFileReference; lastKnownFileType = sourcecode.swift; path = AppDelegate.swift; sourceTree = "<group>"; };
		CE7F7DF3204DD32D00548D5F /* HomeViewController.swift */ = {isa = PBXFileReference; lastKnownFileType = sourcecode.swift; path = HomeViewController.swift; sourceTree = "<group>"; };
		CE7F7DF8204DD32D00548D5F /* Base */ = {isa = PBXFileReference; lastKnownFileType = file.storyboard; name = Base; path = Base.lproj/Main.storyboard; sourceTree = "<group>"; };
		CE7F7DFA204DD32D00548D5F /* Assets.xcassets */ = {isa = PBXFileReference; lastKnownFileType = folder.assetcatalog; path = Assets.xcassets; sourceTree = "<group>"; };
		CE7F7DFD204DD32D00548D5F /* Base */ = {isa = PBXFileReference; lastKnownFileType = file.storyboard; name = Base; path = Base.lproj/LaunchScreen.storyboard; sourceTree = "<group>"; };
		CE7F7DFF204DD32E00548D5F /* Info.plist */ = {isa = PBXFileReference; lastKnownFileType = text.plist.xml; path = Info.plist; sourceTree = "<group>"; };
		CE7F7E04204DD32E00548D5F /* FairFeesAppTests.xctest */ = {isa = PBXFileReference; explicitFileType = wrapper.cfbundle; includeInIndex = 0; path = FairFeesAppTests.xctest; sourceTree = BUILT_PRODUCTS_DIR; };
		CE7F7E08204DD32E00548D5F /* FairFeesAppTests.swift */ = {isa = PBXFileReference; lastKnownFileType = sourcecode.swift; path = FairFeesAppTests.swift; sourceTree = "<group>"; };
		CE7F7E0A204DD32E00548D5F /* Info.plist */ = {isa = PBXFileReference; lastKnownFileType = text.plist.xml; path = Info.plist; sourceTree = "<group>"; };
		CE7F7E0F204DD32E00548D5F /* FairFeesAppUITests.xctest */ = {isa = PBXFileReference; explicitFileType = wrapper.cfbundle; includeInIndex = 0; path = FairFeesAppUITests.xctest; sourceTree = BUILT_PRODUCTS_DIR; };
		CE7F7E13204DD32E00548D5F /* FairFeesAppUITests.swift */ = {isa = PBXFileReference; lastKnownFileType = sourcecode.swift; path = FairFeesAppUITests.swift; sourceTree = "<group>"; };
		CE7F7E15204DD32E00548D5F /* Info.plist */ = {isa = PBXFileReference; lastKnownFileType = text.plist.xml; path = Info.plist; sourceTree = "<group>"; };
		CE7F7E21204DDB6600548D5F /* MapViewDelegate.swift */ = {isa = PBXFileReference; lastKnownFileType = sourcecode.swift; path = MapViewDelegate.swift; sourceTree = "<group>"; };
		CE7F7E27204DE78500548D5F /* Listing.swift */ = {isa = PBXFileReference; lastKnownFileType = sourcecode.swift; path = Listing.swift; sourceTree = "<group>"; };
		CE7F7E29204DE7B700548D5F /* Building.swift */ = {isa = PBXFileReference; lastKnownFileType = sourcecode.swift; path = Building.swift; sourceTree = "<group>"; };
		CE7F7E2B204DE8C100548D5F /* Rental.swift */ = {isa = PBXFileReference; lastKnownFileType = sourcecode.swift; path = Rental.swift; sourceTree = "<group>"; };
		D54D2B7670EE1DE3674DF20F /* Pods_FairFeesAppUITests.framework */ = {isa = PBXFileReference; explicitFileType = wrapper.framework; includeInIndex = 0; path = Pods_FairFeesAppUITests.framework; sourceTree = BUILT_PRODUCTS_DIR; };
/* End PBXFileReference section */

/* Begin PBXFrameworksBuildPhase section */
		CE7F7DEB204DD32D00548D5F /* Frameworks */ = {
			isa = PBXFrameworksBuildPhase;
			buildActionMask = 2147483647;
			files = (
				CE514891205717D70021DB67 /* UIKit.framework in Frameworks */,
				CE514897205882A10021DB67 /* GooglePlacePicker.framework in Frameworks */,
				CE51488F205717CC0021DB67 /* SystemConfiguration.framework in Frameworks */,
				CE51488D205717BF0021DB67 /* QuartzCore.framework in Frameworks */,
				CE51488B205717B40021DB67 /* OpenGLES.framework in Frameworks */,
				CE514889205717AC0021DB67 /* libz.tbd in Frameworks */,
				CE514887205717950021DB67 /* libc++.tbd in Frameworks */,
				CE514885205717760021DB67 /* ImageIO.framework in Frameworks */,
				CE5148832057176E0021DB67 /* GLKit.framework in Frameworks */,
				CE514881205717670021DB67 /* CoreText.framework in Frameworks */,
				CE51487F205717600021DB67 /* CoreTelephony.framework in Frameworks */,
				CE51487D205717550021DB67 /* CoreLocation.framework in Frameworks */,
				CE51489B205882CD0021DB67 /* GooglePlaces.framework in Frameworks */,
				CE51487B2057174E0021DB67 /* CoreImage.framework in Frameworks */,
				CE514879205717440021DB67 /* CoreData.framework in Frameworks */,
				CE514877205717380021DB67 /* Accelerate.framework in Frameworks */,
				CE51486A205715FC0021DB67 /* GoogleMaps.framework in Frameworks */,
				CE51486E2057161F0021DB67 /* GoogleMapsCore.framework in Frameworks */,
				CE514866205715D60021DB67 /* GoogleMapsBase.framework in Frameworks */,
				DE459E064610D0977ABD5CFB /* Pods_FairFeesApp.framework in Frameworks */,
			);
			runOnlyForDeploymentPostprocessing = 0;
		};
		CE7F7E01204DD32E00548D5F /* Frameworks */ = {
			isa = PBXFrameworksBuildPhase;
			buildActionMask = 2147483647;
			files = (
				CE51486B205715FC0021DB67 /* GoogleMaps.framework in Frameworks */,
				CE51486F2057161F0021DB67 /* GoogleMapsCore.framework in Frameworks */,
				CE514867205715D80021DB67 /* GoogleMapsBase.framework in Frameworks */,
				CE514898205882A20021DB67 /* GooglePlacePicker.framework in Frameworks */,
				CE51489C205882CD0021DB67 /* GooglePlaces.framework in Frameworks */,
				D32A21875248C9799A303988 /* Pods_FairFeesAppTests.framework in Frameworks */,
			);
			runOnlyForDeploymentPostprocessing = 0;
		};
		CE7F7E0C204DD32E00548D5F /* Frameworks */ = {
			isa = PBXFrameworksBuildPhase;
			buildActionMask = 2147483647;
			files = (
				CE51486C205715FC0021DB67 /* GoogleMaps.framework in Frameworks */,
				CE5148702057161F0021DB67 /* GoogleMapsCore.framework in Frameworks */,
				CE514868205715D90021DB67 /* GoogleMapsBase.framework in Frameworks */,
				CE514899205882A20021DB67 /* GooglePlacePicker.framework in Frameworks */,
				CE51489D205882CD0021DB67 /* GooglePlaces.framework in Frameworks */,
				045A9D98132F595F8D0AB21F /* Pods_FairFeesAppUITests.framework in Frameworks */,
			);
			runOnlyForDeploymentPostprocessing = 0;
		};
/* End PBXFrameworksBuildPhase section */

/* Begin PBXGroup section */
		292304A42054D5F1000ECFCF /* listing images */ = {
			isa = PBXGroup;
			children = (
				292304E52054D832000ECFCF /* 00a0a_bHlb7rvOfrt_1200x900.jpg */,
				292304E62054D832000ECFCF /* 00i0i_i58WRgAT0E5_1200x900.jpg */,
				292304E82054D833000ECFCF /* 00l0l_38ixPXcxZhW_1200x900.jpg */,
				292304E92054D833000ECFCF /* 00P0P_ei9EzDPme8E_1200x900.jpg */,
				292304E72054D833000ECFCF /* 00Y0Y_dxJFwLrXD2z_1200x900.jpg */,
				292304EB2054D833000ECFCF /* 00101_iWfj9gmPMjJ_1200x900.jpg */,
				292304EA2054D833000ECFCF /* 00606_6BcSIrgOqof_1200x900.jpg */,
				292304E32054D82E000ECFCF /* 00f0f_g4KXDGQh7wV_1200x900.jpg */,
				292304E42054D82E000ECFCF /* 00U0U_ALiRuz1mTx_1200x900.jpg */,
				292304DC2054D828000ECFCF /* 00e0e_dVd4VYsuulU_1200x900.jpg */,
				292304E22054D829000ECFCF /* 00k0k_ccCBmnQdSPi_1200x900.jpg */,
				292304DE2054D828000ECFCF /* 00L0L_j3n0Ghg3May_1200x900.jpg */,
				292304DF2054D829000ECFCF /* 00M0M_8j7fiZJGN04_1200x900.jpg */,
				292304DA2054D828000ECFCF /* 00N0N_dC0hJzZuUZr_1200x900.jpg */,
				292304DB2054D828000ECFCF /* 00Q0Q_2bYvj1iYMGi_1200x900.jpg */,
				292304DD2054D828000ECFCF /* 00S0S_hbqDmQ58qa1_1200x900.jpg */,
				292304F02054D839000ECFCF /* 00G0G_iZpKq2kJbr8_1200x900.jpg */,
				292304EE2054D838000ECFCF /* 00w0w_7Xm4T55PkAP_1200x900.jpg */,
				292304ED2054D838000ECFCF /* 00w0w_e8JqNq4nDgI_1200x900.jpg */,
				292304EF2054D838000ECFCF /* 00404_8OmXsbv4SED_1200x900.jpg */,
				292304F22054D839000ECFCF /* 01010_bQE4g1cNSyD_1200x900.jpg */,
				292304F12054D839000ECFCF /* 01111_9LMDIdNYAfP_1200x900.jpg */,
				292304EC2054D838000ECFCF /* 01212_1l9PZ8SjGYJ_1200x900.jpg */,
				292304E02054D829000ECFCF /* 00V0V_1w79UkaNL93_1200x900.jpg */,
				292304E12054D829000ECFCF /* 01212_lbaPCrD1wkz_1200x900.jpg */,
				292304D72054D81F000ECFCF /* 00B0B_79jyoTMowLD_1200x900.jpg */,
				292304D52054D81F000ECFCF /* 00B0B_anRDCMQfQ3p_1200x900.jpg */,
				292304D32054D81F000ECFCF /* 00l0l_a0QTvRBkXQy_1200x900.jpg */,
				292304D42054D81F000ECFCF /* 00L0L_i9sDtSXuHjz_1200x900.jpg */,
				292304D82054D820000ECFCF /* 00N0N_2MZaQK4150n_1200x900.jpg */,
				292304D12054D81E000ECFCF /* 00P0P_buoO9jmpb6c_1200x900.jpg */,
				292304D62054D81F000ECFCF /* 00W0W_bqm9ca1gKws_1200x900.jpg */,
				292304D92054D820000ECFCF /* 00Y0Y_1RmFaEtv0nr_1200x900.jpg */,
				292304D22054D81F000ECFCF /* 00707_a4xJkZU2wIn_1200x900.jpg */,
			);
			path = "listing images";
			sourceTree = "<group>";
		};
		76B51FDE65852BEA0AFC989C /* Pods */ = {
			isa = PBXGroup;
			children = (
				0DFA2F96CCA1169634D2D0FE /* Pods-FairFeesApp.debug.xcconfig */,
				AAC4FB017996BA05F30FFF74 /* Pods-FairFeesApp.release.xcconfig */,
				83708AB4367B80EBBA3E1144 /* Pods-FairFeesAppTests.debug.xcconfig */,
				70D860E49D3D53E64D9B5E64 /* Pods-FairFeesAppTests.release.xcconfig */,
				960C162E6E4F2CBCE53EB28D /* Pods-FairFeesAppUITests.debug.xcconfig */,
				BA655933DA70A492664E8083 /* Pods-FairFeesAppUITests.release.xcconfig */,
			);
			name = Pods;
			sourceTree = "<group>";
		};
		CE514875205717380021DB67 /* Frameworks */ = {
			isa = PBXGroup;
			children = (
				CE514890205717D70021DB67 /* UIKit.framework */,
				CE51488E205717CC0021DB67 /* SystemConfiguration.framework */,
				CE51488C205717BF0021DB67 /* QuartzCore.framework */,
				CE51488A205717B40021DB67 /* OpenGLES.framework */,
				CE514888205717AC0021DB67 /* libz.tbd */,
				CE514886205717950021DB67 /* libc++.tbd */,
				CE514884205717760021DB67 /* ImageIO.framework */,
				CE5148822057176E0021DB67 /* GLKit.framework */,
				CE514880205717670021DB67 /* CoreText.framework */,
				CE51487E205717600021DB67 /* CoreTelephony.framework */,
				CE51487C205717550021DB67 /* CoreLocation.framework */,
				CE51487A2057174E0021DB67 /* CoreImage.framework */,
				CE514878205717440021DB67 /* CoreData.framework */,
				CE514876205717380021DB67 /* Accelerate.framework */,
				6121D021F4B3A54D6AF1A32A /* Pods_FairFeesApp.framework */,
				87FB8A529188D490A800E233 /* Pods_FairFeesAppTests.framework */,
				D54D2B7670EE1DE3674DF20F /* Pods_FairFeesAppUITests.framework */,
			);
			name = Frameworks;
			sourceTree = "<group>";
		};
		CE7F7DE5204DD32D00548D5F = {
			isa = PBXGroup;
			children = (
				CE6EFD0C205C5B20009AFF6A /* FilterView.swift */,
				CE6EFD0E205C5D8A009AFF6A /* FilterView.xib */,
				CE51489F205883900021DB67 /* GooglePlacePicker.bundle */,
				CE51489E2058837F0021DB67 /* GooglePlaces.bundle */,
				CE514871205716F80021DB67 /* GoogleMaps.bundle */,
				CE7F7DF0204DD32D00548D5F /* FairFeesApp */,
				CE7F7E07204DD32E00548D5F /* FairFeesAppTests */,
				CE7F7E12204DD32E00548D5F /* FairFeesAppUITests */,
				CE7F7DEF204DD32D00548D5F /* Products */,
				CE514865205715D50021DB67 /* GoogleMapsBase.framework */,
				CE514869205715FC0021DB67 /* GoogleMaps.framework */,
				CE51486D2057161F0021DB67 /* GoogleMapsCore.framework */,
				CE514875205717380021DB67 /* Frameworks */,
				76B51FDE65852BEA0AFC989C /* Pods */,
			);
			sourceTree = "<group>";
		};
		CE7F7DEF204DD32D00548D5F /* Products */ = {
			isa = PBXGroup;
			children = (
				CE7F7DEE204DD32D00548D5F /* FairFeesApp.app */,
				CE7F7E04204DD32E00548D5F /* FairFeesAppTests.xctest */,
				CE7F7E0F204DD32E00548D5F /* FairFeesAppUITests.xctest */,
			);
			name = Products;
			sourceTree = "<group>";
		};
		CE7F7DF0204DD32D00548D5F /* FairFeesApp */ = {
			isa = PBXGroup;
			children = (
				CE51489A205882CC0021DB67 /* GooglePlaces.framework */,
				CE5148962058829F0021DB67 /* GooglePlacePicker.framework */,
				292304A42054D5F1000ECFCF /* listing images */,
				CE7F7DF1204DD32D00548D5F /* AppDelegate.swift */,
				CE6EFD1620606DFF009AFF6A /* FirebaseData.swift */,
				CE6EFD2A2061994A009AFF6A /* ReadFirebaseData.swift */,
				CE6EFD2220619293009AFF6A /* WriteFirebaseData.swift */,
				CE5148612054C0560021DB67 /* PostPhotoCollectionViewCell.swift */,
				CE5148622054C0560021DB67 /* PostPhotoCollectionViewCell.xib */,
				CE514892205860570021DB67 /* ImageScrollView.swift */,
				CE7F7DF3204DD32D00548D5F /* HomeViewController.swift */,
				CE5148572050C1A50021DB67 /* HomeTableViewCell.swift */,
				CE5148582050C1A50021DB67 /* HomeTableViewCell.xib */,
				CE514849204F70170021DB67 /* LocationManager.swift */,
				CE7F7E27204DE78500548D5F /* Listing.swift */,
				CE7F7E29204DE7B700548D5F /* Building.swift */,
				CE7F7E2B204DE8C100548D5F /* Rental.swift */,
				CE51485520506A350021DB67 /* ListingDetailViewController.swift */,
				CE59DAEE205AF38D006FD39D /* DirectionsManager.swift */,
				CE51485B2051B7000021DB67 /* PostViewController.swift */,
				CE51485D205200880021DB67 /* PostMapViewController.swift */,
				CE51485F205203700021DB67 /* PostMapSearchResultsTableViewController.swift */,
				CE51484D204F778F0021DB67 /* Sale.swift */,
				CE514851204F7A580021DB67 /* HomeSale.swift */,
				CE7F7E21204DDB6600548D5F /* MapViewDelegate.swift */,
				CE51485320505FAE0021DB67 /* UIProperties.swift */,
				CE51484B204F74540021DB67 /* DummyData.swift */,
				CE6EFD182060845D009AFF6A /* ImageManager.swift */,
				CE6EFD2E2061A38B009AFF6A /* AuthenticationManager.swift */,
				CE6EFD322061A6E4009AFF6A /* LoginViewController.swift */,
				CE6EFD2620619805009AFF6A /* GoogleService-Info.plist */,
				CE51484F204F77C20021DB67 /* User.swift */,
				CE7F7DF7204DD32D00548D5F /* Main.storyboard */,
				CE7F7DFA204DD32D00548D5F /* Assets.xcassets */,
				CE7F7DFC204DD32D00548D5F /* LaunchScreen.storyboard */,
				CE7F7DFF204DD32E00548D5F /* Info.plist */,
			);
			path = FairFeesApp;
			sourceTree = "<group>";
		};
		CE7F7E07204DD32E00548D5F /* FairFeesAppTests */ = {
			isa = PBXGroup;
			children = (
				CE7F7E08204DD32E00548D5F /* FairFeesAppTests.swift */,
				CE7F7E0A204DD32E00548D5F /* Info.plist */,
			);
			path = FairFeesAppTests;
			sourceTree = "<group>";
		};
		CE7F7E12204DD32E00548D5F /* FairFeesAppUITests */ = {
			isa = PBXGroup;
			children = (
				CE7F7E13204DD32E00548D5F /* FairFeesAppUITests.swift */,
				CE7F7E15204DD32E00548D5F /* Info.plist */,
			);
			path = FairFeesAppUITests;
			sourceTree = "<group>";
		};
/* End PBXGroup section */

/* Begin PBXNativeTarget section */
		CE7F7DED204DD32D00548D5F /* FairFeesApp */ = {
			isa = PBXNativeTarget;
			buildConfigurationList = CE7F7E18204DD32E00548D5F /* Build configuration list for PBXNativeTarget "FairFeesApp" */;
			buildPhases = (
				E077EE15850490281E4591E1 /* [CP] Check Pods Manifest.lock */,
				CE7F7DEA204DD32D00548D5F /* Sources */,
				CE7F7DEB204DD32D00548D5F /* Frameworks */,
				CE7F7DEC204DD32D00548D5F /* Resources */,
				FB6B9C55985AF3FD2D6015BA /* [CP] Embed Pods Frameworks */,
				1430D5FBFF1604B0B46F2982 /* [CP] Copy Pods Resources */,
			);
			buildRules = (
			);
			dependencies = (
			);
			name = FairFeesApp;
			productName = FairFeesApp;
			productReference = CE7F7DEE204DD32D00548D5F /* FairFeesApp.app */;
			productType = "com.apple.product-type.application";
		};
		CE7F7E03204DD32E00548D5F /* FairFeesAppTests */ = {
			isa = PBXNativeTarget;
			buildConfigurationList = CE7F7E1B204DD32E00548D5F /* Build configuration list for PBXNativeTarget "FairFeesAppTests" */;
			buildPhases = (
				245F2216E6999E0AC6BAC66F /* [CP] Check Pods Manifest.lock */,
				CE7F7E00204DD32E00548D5F /* Sources */,
				CE7F7E01204DD32E00548D5F /* Frameworks */,
				CE7F7E02204DD32E00548D5F /* Resources */,
				9B6E0EC529E996CA766290CB /* [CP] Embed Pods Frameworks */,
				CF29DDAC4E36EB77CAD3D8EB /* [CP] Copy Pods Resources */,
			);
			buildRules = (
			);
			dependencies = (
				CE7F7E06204DD32E00548D5F /* PBXTargetDependency */,
			);
			name = FairFeesAppTests;
			productName = FairFeesAppTests;
			productReference = CE7F7E04204DD32E00548D5F /* FairFeesAppTests.xctest */;
			productType = "com.apple.product-type.bundle.unit-test";
		};
		CE7F7E0E204DD32E00548D5F /* FairFeesAppUITests */ = {
			isa = PBXNativeTarget;
			buildConfigurationList = CE7F7E1E204DD32E00548D5F /* Build configuration list for PBXNativeTarget "FairFeesAppUITests" */;
			buildPhases = (
				023974C509F70A9738437176 /* [CP] Check Pods Manifest.lock */,
				CE7F7E0B204DD32E00548D5F /* Sources */,
				CE7F7E0C204DD32E00548D5F /* Frameworks */,
				CE7F7E0D204DD32E00548D5F /* Resources */,
				FDD0B54D2ECE6720142C5789 /* [CP] Embed Pods Frameworks */,
				DC825FEE64AFB0D5D854F11D /* [CP] Copy Pods Resources */,
			);
			buildRules = (
			);
			dependencies = (
				CE7F7E11204DD32E00548D5F /* PBXTargetDependency */,
			);
			name = FairFeesAppUITests;
			productName = FairFeesAppUITests;
			productReference = CE7F7E0F204DD32E00548D5F /* FairFeesAppUITests.xctest */;
			productType = "com.apple.product-type.bundle.ui-testing";
		};
/* End PBXNativeTarget section */

/* Begin PBXProject section */
		CE7F7DE6204DD32D00548D5F /* Project object */ = {
			isa = PBXProject;
			attributes = {
				LastSwiftUpdateCheck = 0920;
				LastUpgradeCheck = 0920;
				ORGANIZATIONNAME = "Fair Fees";
				TargetAttributes = {
					CE7F7DED204DD32D00548D5F = {
						CreatedOnToolsVersion = 9.2;
						ProvisioningStyle = Automatic;
					};
					CE7F7E03204DD32E00548D5F = {
						CreatedOnToolsVersion = 9.2;
						ProvisioningStyle = Automatic;
						TestTargetID = CE7F7DED204DD32D00548D5F;
					};
					CE7F7E0E204DD32E00548D5F = {
						CreatedOnToolsVersion = 9.2;
						ProvisioningStyle = Automatic;
						TestTargetID = CE7F7DED204DD32D00548D5F;
					};
				};
			};
			buildConfigurationList = CE7F7DE9204DD32D00548D5F /* Build configuration list for PBXProject "FairFeesApp" */;
			compatibilityVersion = "Xcode 8.0";
			developmentRegion = en;
			hasScannedForEncodings = 0;
			knownRegions = (
				en,
				Base,
			);
			mainGroup = CE7F7DE5204DD32D00548D5F;
			productRefGroup = CE7F7DEF204DD32D00548D5F /* Products */;
			projectDirPath = "";
			projectRoot = "";
			targets = (
				CE7F7DED204DD32D00548D5F /* FairFeesApp */,
				CE7F7E03204DD32E00548D5F /* FairFeesAppTests */,
				CE7F7E0E204DD32E00548D5F /* FairFeesAppUITests */,
			);
		};
/* End PBXProject section */

/* Begin PBXResourcesBuildPhase section */
		CE7F7DEC204DD32D00548D5F /* Resources */ = {
			isa = PBXResourcesBuildPhase;
			buildActionMask = 2147483647;
			files = (
				292305082054D844000ECFCF /* 01111_9LMDIdNYAfP_1200x900.jpg in Resources */,
				292304F62054D844000ECFCF /* 00P0P_ei9EzDPme8E_1200x900.jpg in Resources */,
				CE5148A0205883910021DB67 /* GooglePlacePicker.bundle in Resources */,
				2923050A2054D844000ECFCF /* 00V0V_1w79UkaNL93_1200x900.jpg in Resources */,
				292305042054D844000ECFCF /* 00w0w_7Xm4T55PkAP_1200x900.jpg in Resources */,
				292304F92054D844000ECFCF /* 00606_6BcSIrgOqof_1200x900.jpg in Resources */,
				292305032054D844000ECFCF /* 00G0G_iZpKq2kJbr8_1200x900.jpg in Resources */,
				292305072054D844000ECFCF /* 01010_bQE4g1cNSyD_1200x900.jpg in Resources */,
				292305012054D844000ECFCF /* 00Q0Q_2bYvj1iYMGi_1200x900.jpg in Resources */,
				2923050B2054D844000ECFCF /* 01212_lbaPCrD1wkz_1200x900.jpg in Resources */,
				CE6EFD2720619805009AFF6A /* GoogleService-Info.plist in Resources */,
				292304FE2054D844000ECFCF /* 00L0L_j3n0Ghg3May_1200x900.jpg in Resources */,
				292305112054D844000ECFCF /* 00P0P_buoO9jmpb6c_1200x900.jpg in Resources */,
				292305122054D844000ECFCF /* 00W0W_bqm9ca1gKws_1200x900.jpg in Resources */,
				292304FC2054D844000ECFCF /* 00e0e_dVd4VYsuulU_1200x900.jpg in Resources */,
				292304FD2054D844000ECFCF /* 00k0k_ccCBmnQdSPi_1200x900.jpg in Resources */,
				CE7F7DFE204DD32D00548D5F /* LaunchScreen.storyboard in Resources */,
				CE7F7DFB204DD32D00548D5F /* Assets.xcassets in Resources */,
				292304F42054D844000ECFCF /* 00i0i_i58WRgAT0E5_1200x900.jpg in Resources */,
				292304FB2054D844000ECFCF /* 00U0U_ALiRuz1mTx_1200x900.jpg in Resources */,
				292304FA2054D844000ECFCF /* 00f0f_g4KXDGQh7wV_1200x900.jpg in Resources */,
				292304F32054D844000ECFCF /* 00a0a_bHlb7rvOfrt_1200x900.jpg in Resources */,
				292305062054D844000ECFCF /* 00404_8OmXsbv4SED_1200x900.jpg in Resources */,
				292304F72054D844000ECFCF /* 00Y0Y_dxJFwLrXD2z_1200x900.jpg in Resources */,
				2923050E2054D844000ECFCF /* 00l0l_a0QTvRBkXQy_1200x900.jpg in Resources */,
				292305102054D844000ECFCF /* 00N0N_2MZaQK4150n_1200x900.jpg in Resources */,
				292305132054D844000ECFCF /* 00Y0Y_1RmFaEtv0nr_1200x900.jpg in Resources */,
				CE51485A2050C1A50021DB67 /* HomeTableViewCell.xib in Resources */,
				292305092054D844000ECFCF /* 01212_1l9PZ8SjGYJ_1200x900.jpg in Resources */,
				292305022054D844000ECFCF /* 00S0S_hbqDmQ58qa1_1200x900.jpg in Resources */,
				292305142054D844000ECFCF /* 00707_a4xJkZU2wIn_1200x900.jpg in Resources */,
				2923050D2054D844000ECFCF /* 00B0B_anRDCMQfQ3p_1200x900.jpg in Resources */,
				292304FF2054D844000ECFCF /* 00M0M_8j7fiZJGN04_1200x900.jpg in Resources */,
				292305002054D844000ECFCF /* 00N0N_dC0hJzZuUZr_1200x900.jpg in Resources */,
				292305052054D844000ECFCF /* 00w0w_e8JqNq4nDgI_1200x900.jpg in Resources */,
				2923050C2054D844000ECFCF /* 00B0B_79jyoTMowLD_1200x900.jpg in Resources */,
				CE5148642054C0560021DB67 /* PostPhotoCollectionViewCell.xib in Resources */,
				CE7F7DF9204DD32D00548D5F /* Main.storyboard in Resources */,
				292304F52054D844000ECFCF /* 00l0l_38ixPXcxZhW_1200x900.jpg in Resources */,
				CE6EFD0F205C5D8A009AFF6A /* FilterView.xib in Resources */,
				2923050F2054D844000ECFCF /* 00L0L_i9sDtSXuHjz_1200x900.jpg in Resources */,
				292304F82054D844000ECFCF /* 00101_iWfj9gmPMjJ_1200x900.jpg in Resources */,
				CE514872205716F80021DB67 /* GoogleMaps.bundle in Resources */,
			);
			runOnlyForDeploymentPostprocessing = 0;
		};
		CE7F7E02204DD32E00548D5F /* Resources */ = {
			isa = PBXResourcesBuildPhase;
			buildActionMask = 2147483647;
			files = (
				CE5148A1205883910021DB67 /* GooglePlacePicker.bundle in Resources */,
				CE514873205716F80021DB67 /* GoogleMaps.bundle in Resources */,
				CE6EFD2820619805009AFF6A /* GoogleService-Info.plist in Resources */,
			);
			runOnlyForDeploymentPostprocessing = 0;
		};
		CE7F7E0D204DD32E00548D5F /* Resources */ = {
			isa = PBXResourcesBuildPhase;
			buildActionMask = 2147483647;
			files = (
				CE5148A2205883910021DB67 /* GooglePlacePicker.bundle in Resources */,
				CE514874205716F80021DB67 /* GoogleMaps.bundle in Resources */,
				CE6EFD2920619805009AFF6A /* GoogleService-Info.plist in Resources */,
			);
			runOnlyForDeploymentPostprocessing = 0;
		};
/* End PBXResourcesBuildPhase section */

/* Begin PBXShellScriptBuildPhase section */
		023974C509F70A9738437176 /* [CP] Check Pods Manifest.lock */ = {
			isa = PBXShellScriptBuildPhase;
			buildActionMask = 2147483647;
			files = (
			);
			inputPaths = (
				"${PODS_PODFILE_DIR_PATH}/Podfile.lock",
				"${PODS_ROOT}/Manifest.lock",
			);
			name = "[CP] Check Pods Manifest.lock";
			outputPaths = (
				"$(DERIVED_FILE_DIR)/Pods-FairFeesAppUITests-checkManifestLockResult.txt",
			);
			runOnlyForDeploymentPostprocessing = 0;
			shellPath = /bin/sh;
			shellScript = "diff \"${PODS_PODFILE_DIR_PATH}/Podfile.lock\" \"${PODS_ROOT}/Manifest.lock\" > /dev/null\nif [ $? != 0 ] ; then\n    # print error to STDERR\n    echo \"error: The sandbox is not in sync with the Podfile.lock. Run 'pod install' or update your CocoaPods installation.\" >&2\n    exit 1\nfi\n# This output is used by Xcode 'outputs' to avoid re-running this script phase.\necho \"SUCCESS\" > \"${SCRIPT_OUTPUT_FILE_0}\"\n";
			showEnvVarsInLog = 0;
		};
		1430D5FBFF1604B0B46F2982 /* [CP] Copy Pods Resources */ = {
			isa = PBXShellScriptBuildPhase;
			buildActionMask = 2147483647;
			files = (
			);
			inputPaths = (
			);
			name = "[CP] Copy Pods Resources";
			outputPaths = (
			);
			runOnlyForDeploymentPostprocessing = 0;
			shellPath = /bin/sh;
			shellScript = "\"${SRCROOT}/Pods/Target Support Files/Pods-FairFeesApp/Pods-FairFeesApp-resources.sh\"\n";
			showEnvVarsInLog = 0;
		};
		245F2216E6999E0AC6BAC66F /* [CP] Check Pods Manifest.lock */ = {
			isa = PBXShellScriptBuildPhase;
			buildActionMask = 2147483647;
			files = (
			);
			inputPaths = (
				"${PODS_PODFILE_DIR_PATH}/Podfile.lock",
				"${PODS_ROOT}/Manifest.lock",
			);
			name = "[CP] Check Pods Manifest.lock";
			outputPaths = (
				"$(DERIVED_FILE_DIR)/Pods-FairFeesAppTests-checkManifestLockResult.txt",
			);
			runOnlyForDeploymentPostprocessing = 0;
			shellPath = /bin/sh;
			shellScript = "diff \"${PODS_PODFILE_DIR_PATH}/Podfile.lock\" \"${PODS_ROOT}/Manifest.lock\" > /dev/null\nif [ $? != 0 ] ; then\n    # print error to STDERR\n    echo \"error: The sandbox is not in sync with the Podfile.lock. Run 'pod install' or update your CocoaPods installation.\" >&2\n    exit 1\nfi\n# This output is used by Xcode 'outputs' to avoid re-running this script phase.\necho \"SUCCESS\" > \"${SCRIPT_OUTPUT_FILE_0}\"\n";
			showEnvVarsInLog = 0;
		};
		9B6E0EC529E996CA766290CB /* [CP] Embed Pods Frameworks */ = {
			isa = PBXShellScriptBuildPhase;
			buildActionMask = 2147483647;
			files = (
			);
			inputPaths = (
			);
			name = "[CP] Embed Pods Frameworks";
			outputPaths = (
			);
			runOnlyForDeploymentPostprocessing = 0;
			shellPath = /bin/sh;
			shellScript = "\"${SRCROOT}/Pods/Target Support Files/Pods-FairFeesAppTests/Pods-FairFeesAppTests-frameworks.sh\"\n";
			showEnvVarsInLog = 0;
		};
		CF29DDAC4E36EB77CAD3D8EB /* [CP] Copy Pods Resources */ = {
			isa = PBXShellScriptBuildPhase;
			buildActionMask = 2147483647;
			files = (
			);
			inputPaths = (
			);
			name = "[CP] Copy Pods Resources";
			outputPaths = (
			);
			runOnlyForDeploymentPostprocessing = 0;
			shellPath = /bin/sh;
			shellScript = "\"${SRCROOT}/Pods/Target Support Files/Pods-FairFeesAppTests/Pods-FairFeesAppTests-resources.sh\"\n";
			showEnvVarsInLog = 0;
		};
		DC825FEE64AFB0D5D854F11D /* [CP] Copy Pods Resources */ = {
			isa = PBXShellScriptBuildPhase;
			buildActionMask = 2147483647;
			files = (
			);
			inputPaths = (
			);
			name = "[CP] Copy Pods Resources";
			outputPaths = (
			);
			runOnlyForDeploymentPostprocessing = 0;
			shellPath = /bin/sh;
			shellScript = "\"${SRCROOT}/Pods/Target Support Files/Pods-FairFeesAppUITests/Pods-FairFeesAppUITests-resources.sh\"\n";
			showEnvVarsInLog = 0;
		};
		E077EE15850490281E4591E1 /* [CP] Check Pods Manifest.lock */ = {
			isa = PBXShellScriptBuildPhase;
			buildActionMask = 2147483647;
			files = (
			);
			inputPaths = (
				"${PODS_PODFILE_DIR_PATH}/Podfile.lock",
				"${PODS_ROOT}/Manifest.lock",
			);
			name = "[CP] Check Pods Manifest.lock";
			outputPaths = (
				"$(DERIVED_FILE_DIR)/Pods-FairFeesApp-checkManifestLockResult.txt",
			);
			runOnlyForDeploymentPostprocessing = 0;
			shellPath = /bin/sh;
			shellScript = "diff \"${PODS_PODFILE_DIR_PATH}/Podfile.lock\" \"${PODS_ROOT}/Manifest.lock\" > /dev/null\nif [ $? != 0 ] ; then\n    # print error to STDERR\n    echo \"error: The sandbox is not in sync with the Podfile.lock. Run 'pod install' or update your CocoaPods installation.\" >&2\n    exit 1\nfi\n# This output is used by Xcode 'outputs' to avoid re-running this script phase.\necho \"SUCCESS\" > \"${SCRIPT_OUTPUT_FILE_0}\"\n";
			showEnvVarsInLog = 0;
		};
		FB6B9C55985AF3FD2D6015BA /* [CP] Embed Pods Frameworks */ = {
			isa = PBXShellScriptBuildPhase;
			buildActionMask = 2147483647;
			files = (
			);
			inputPaths = (
				"${SRCROOT}/Pods/Target Support Files/Pods-FairFeesApp/Pods-FairFeesApp-frameworks.sh",
				"${BUILT_PRODUCTS_DIR}/GTMSessionFetcher/GTMSessionFetcher.framework",
				"${BUILT_PRODUCTS_DIR}/GoogleToolboxForMac/GoogleToolboxForMac.framework",
				"${BUILT_PRODUCTS_DIR}/leveldb-library/leveldb.framework",
				"${BUILT_PRODUCTS_DIR}/nanopb/nanopb.framework",
			);
			name = "[CP] Embed Pods Frameworks";
			outputPaths = (
				"${TARGET_BUILD_DIR}/${FRAMEWORKS_FOLDER_PATH}/GTMSessionFetcher.framework",
				"${TARGET_BUILD_DIR}/${FRAMEWORKS_FOLDER_PATH}/GoogleToolboxForMac.framework",
				"${TARGET_BUILD_DIR}/${FRAMEWORKS_FOLDER_PATH}/leveldb.framework",
				"${TARGET_BUILD_DIR}/${FRAMEWORKS_FOLDER_PATH}/nanopb.framework",
			);
			runOnlyForDeploymentPostprocessing = 0;
			shellPath = /bin/sh;
			shellScript = "\"${SRCROOT}/Pods/Target Support Files/Pods-FairFeesApp/Pods-FairFeesApp-frameworks.sh\"\n";
			showEnvVarsInLog = 0;
		};
		FDD0B54D2ECE6720142C5789 /* [CP] Embed Pods Frameworks */ = {
			isa = PBXShellScriptBuildPhase;
			buildActionMask = 2147483647;
			files = (
			);
			inputPaths = (
			);
			name = "[CP] Embed Pods Frameworks";
			outputPaths = (
			);
			runOnlyForDeploymentPostprocessing = 0;
			shellPath = /bin/sh;
			shellScript = "\"${SRCROOT}/Pods/Target Support Files/Pods-FairFeesAppUITests/Pods-FairFeesAppUITests-frameworks.sh\"\n";
			showEnvVarsInLog = 0;
		};
/* End PBXShellScriptBuildPhase section */

/* Begin PBXSourcesBuildPhase section */
		CE7F7DEA204DD32D00548D5F /* Sources */ = {
			isa = PBXSourcesBuildPhase;
			buildActionMask = 2147483647;
			files = (
				CE6EFD332061A6E4009AFF6A /* LoginViewController.swift in Sources */,
				CE7F7E22204DDB6600548D5F /* MapViewDelegate.swift in Sources */,
				CE7F7DF2204DD32D00548D5F /* AppDelegate.swift in Sources */,
				CE51484E204F778F0021DB67 /* Sale.swift in Sources */,
				CE514893205860590021DB67 /* ImageScrollView.swift in Sources */,
				CE7F7DF4204DD32D00548D5F /* HomeViewController.swift in Sources */,
				CE514860205203700021DB67 /* PostMapSearchResultsTableViewController.swift in Sources */,
				CE6EFD1720606E00009AFF6A /* FirebaseData.swift in Sources */,
				CE6EFD2F2061A38B009AFF6A /* AuthenticationManager.swift in Sources */,
				CE514852204F7A580021DB67 /* HomeSale.swift in Sources */,
				CE6EFD2320619293009AFF6A /* WriteFirebaseData.swift in Sources */,
				CE6EFD2B2061994A009AFF6A /* ReadFirebaseData.swift in Sources */,
				CE6EFD192060845D009AFF6A /* ImageManager.swift in Sources */,
				CE6EFD0D205C5B20009AFF6A /* FilterView.swift in Sources */,
				CE5148592050C1A50021DB67 /* HomeTableViewCell.swift in Sources */,
				CE7F7E28204DE78500548D5F /* Listing.swift in Sources */,
				CE51485C2051B7000021DB67 /* PostViewController.swift in Sources */,
				CE7F7E2C204DE8C100548D5F /* Rental.swift in Sources */,
				CE5148632054C0560021DB67 /* PostPhotoCollectionViewCell.swift in Sources */,
				CE51485620506A350021DB67 /* ListingDetailViewController.swift in Sources */,
				CE514850204F77C20021DB67 /* User.swift in Sources */,
				CE51485E205200880021DB67 /* PostMapViewController.swift in Sources */,
				CE51485420505FAE0021DB67 /* UIProperties.swift in Sources */,
				CE7F7E2A204DE7B700548D5F /* Building.swift in Sources */,
				CE59DAEF205AF391006FD39D /* DirectionsManager.swift in Sources */,
				CE51484C204F74540021DB67 /* DummyData.swift in Sources */,
				CE51484A204F70170021DB67 /* LocationManager.swift in Sources */,
			);
			runOnlyForDeploymentPostprocessing = 0;
		};
		CE7F7E00204DD32E00548D5F /* Sources */ = {
			isa = PBXSourcesBuildPhase;
			buildActionMask = 2147483647;
			files = (
				CE6EFD2C2061994A009AFF6A /* ReadFirebaseData.swift in Sources */,
				CE6EFD302061A38B009AFF6A /* AuthenticationManager.swift in Sources */,
				CE6EFD2420619293009AFF6A /* WriteFirebaseData.swift in Sources */,
				CE6EFD342061A6E4009AFF6A /* LoginViewController.swift in Sources */,
				CE7F7E09204DD32E00548D5F /* FairFeesAppTests.swift in Sources */,
			);
			runOnlyForDeploymentPostprocessing = 0;
		};
		CE7F7E0B204DD32E00548D5F /* Sources */ = {
			isa = PBXSourcesBuildPhase;
			buildActionMask = 2147483647;
			files = (
				CE6EFD2D2061994A009AFF6A /* ReadFirebaseData.swift in Sources */,
				CE6EFD312061A38B009AFF6A /* AuthenticationManager.swift in Sources */,
				CE6EFD2520619293009AFF6A /* WriteFirebaseData.swift in Sources */,
				CE6EFD352061A6E4009AFF6A /* LoginViewController.swift in Sources */,
				CE7F7E14204DD32E00548D5F /* FairFeesAppUITests.swift in Sources */,
			);
			runOnlyForDeploymentPostprocessing = 0;
		};
/* End PBXSourcesBuildPhase section */

/* Begin PBXTargetDependency section */
		CE7F7E06204DD32E00548D5F /* PBXTargetDependency */ = {
			isa = PBXTargetDependency;
			target = CE7F7DED204DD32D00548D5F /* FairFeesApp */;
			targetProxy = CE7F7E05204DD32E00548D5F /* PBXContainerItemProxy */;
		};
		CE7F7E11204DD32E00548D5F /* PBXTargetDependency */ = {
			isa = PBXTargetDependency;
			target = CE7F7DED204DD32D00548D5F /* FairFeesApp */;
			targetProxy = CE7F7E10204DD32E00548D5F /* PBXContainerItemProxy */;
		};
/* End PBXTargetDependency section */

/* Begin PBXVariantGroup section */
		CE7F7DF7204DD32D00548D5F /* Main.storyboard */ = {
			isa = PBXVariantGroup;
			children = (
				CE7F7DF8204DD32D00548D5F /* Base */,
			);
			name = Main.storyboard;
			sourceTree = "<group>";
		};
		CE7F7DFC204DD32D00548D5F /* LaunchScreen.storyboard */ = {
			isa = PBXVariantGroup;
			children = (
				CE7F7DFD204DD32D00548D5F /* Base */,
			);
			name = LaunchScreen.storyboard;
			sourceTree = "<group>";
		};
/* End PBXVariantGroup section */

/* Begin XCBuildConfiguration section */
		CE7F7E16204DD32E00548D5F /* Debug */ = {
			isa = XCBuildConfiguration;
			buildSettings = {
				ALWAYS_SEARCH_USER_PATHS = NO;
				CLANG_ANALYZER_NONNULL = YES;
				CLANG_ANALYZER_NUMBER_OBJECT_CONVERSION = YES_AGGRESSIVE;
				CLANG_CXX_LANGUAGE_STANDARD = "gnu++14";
				CLANG_CXX_LIBRARY = "libc++";
				CLANG_ENABLE_MODULES = YES;
				CLANG_ENABLE_OBJC_ARC = YES;
				CLANG_WARN_BLOCK_CAPTURE_AUTORELEASING = YES;
				CLANG_WARN_BOOL_CONVERSION = YES;
				CLANG_WARN_COMMA = YES;
				CLANG_WARN_CONSTANT_CONVERSION = YES;
				CLANG_WARN_DIRECT_OBJC_ISA_USAGE = YES_ERROR;
				CLANG_WARN_DOCUMENTATION_COMMENTS = YES;
				CLANG_WARN_EMPTY_BODY = YES;
				CLANG_WARN_ENUM_CONVERSION = YES;
				CLANG_WARN_INFINITE_RECURSION = YES;
				CLANG_WARN_INT_CONVERSION = YES;
				CLANG_WARN_NON_LITERAL_NULL_CONVERSION = YES;
				CLANG_WARN_OBJC_LITERAL_CONVERSION = YES;
				CLANG_WARN_OBJC_ROOT_CLASS = YES_ERROR;
				CLANG_WARN_RANGE_LOOP_ANALYSIS = YES;
				CLANG_WARN_STRICT_PROTOTYPES = YES;
				CLANG_WARN_SUSPICIOUS_MOVE = YES;
				CLANG_WARN_UNGUARDED_AVAILABILITY = YES_AGGRESSIVE;
				CLANG_WARN_UNREACHABLE_CODE = YES;
				CLANG_WARN__DUPLICATE_METHOD_MATCH = YES;
				CODE_SIGN_IDENTITY = "iPhone Developer";
				COPY_PHASE_STRIP = NO;
				DEBUG_INFORMATION_FORMAT = dwarf;
				ENABLE_STRICT_OBJC_MSGSEND = YES;
				ENABLE_TESTABILITY = YES;
				GCC_C_LANGUAGE_STANDARD = gnu11;
				GCC_DYNAMIC_NO_PIC = NO;
				GCC_NO_COMMON_BLOCKS = YES;
				GCC_OPTIMIZATION_LEVEL = 0;
				GCC_PREPROCESSOR_DEFINITIONS = (
					"DEBUG=1",
					"$(inherited)",
				);
				GCC_WARN_64_TO_32_BIT_CONVERSION = YES;
				GCC_WARN_ABOUT_RETURN_TYPE = YES_ERROR;
				GCC_WARN_UNDECLARED_SELECTOR = YES;
				GCC_WARN_UNINITIALIZED_AUTOS = YES_AGGRESSIVE;
				GCC_WARN_UNUSED_FUNCTION = YES;
				GCC_WARN_UNUSED_VARIABLE = YES;
				IPHONEOS_DEPLOYMENT_TARGET = 11.2;
				MTL_ENABLE_DEBUG_INFO = YES;
				ONLY_ACTIVE_ARCH = YES;
				SDKROOT = iphoneos;
				SWIFT_ACTIVE_COMPILATION_CONDITIONS = DEBUG;
				SWIFT_OPTIMIZATION_LEVEL = "-Onone";
			};
			name = Debug;
		};
		CE7F7E17204DD32E00548D5F /* Release */ = {
			isa = XCBuildConfiguration;
			buildSettings = {
				ALWAYS_SEARCH_USER_PATHS = NO;
				CLANG_ANALYZER_NONNULL = YES;
				CLANG_ANALYZER_NUMBER_OBJECT_CONVERSION = YES_AGGRESSIVE;
				CLANG_CXX_LANGUAGE_STANDARD = "gnu++14";
				CLANG_CXX_LIBRARY = "libc++";
				CLANG_ENABLE_MODULES = YES;
				CLANG_ENABLE_OBJC_ARC = YES;
				CLANG_WARN_BLOCK_CAPTURE_AUTORELEASING = YES;
				CLANG_WARN_BOOL_CONVERSION = YES;
				CLANG_WARN_COMMA = YES;
				CLANG_WARN_CONSTANT_CONVERSION = YES;
				CLANG_WARN_DIRECT_OBJC_ISA_USAGE = YES_ERROR;
				CLANG_WARN_DOCUMENTATION_COMMENTS = YES;
				CLANG_WARN_EMPTY_BODY = YES;
				CLANG_WARN_ENUM_CONVERSION = YES;
				CLANG_WARN_INFINITE_RECURSION = YES;
				CLANG_WARN_INT_CONVERSION = YES;
				CLANG_WARN_NON_LITERAL_NULL_CONVERSION = YES;
				CLANG_WARN_OBJC_LITERAL_CONVERSION = YES;
				CLANG_WARN_OBJC_ROOT_CLASS = YES_ERROR;
				CLANG_WARN_RANGE_LOOP_ANALYSIS = YES;
				CLANG_WARN_STRICT_PROTOTYPES = YES;
				CLANG_WARN_SUSPICIOUS_MOVE = YES;
				CLANG_WARN_UNGUARDED_AVAILABILITY = YES_AGGRESSIVE;
				CLANG_WARN_UNREACHABLE_CODE = YES;
				CLANG_WARN__DUPLICATE_METHOD_MATCH = YES;
				CODE_SIGN_IDENTITY = "iPhone Developer";
				COPY_PHASE_STRIP = NO;
				DEBUG_INFORMATION_FORMAT = "dwarf-with-dsym";
				ENABLE_NS_ASSERTIONS = NO;
				ENABLE_STRICT_OBJC_MSGSEND = YES;
				GCC_C_LANGUAGE_STANDARD = gnu11;
				GCC_NO_COMMON_BLOCKS = YES;
				GCC_WARN_64_TO_32_BIT_CONVERSION = YES;
				GCC_WARN_ABOUT_RETURN_TYPE = YES_ERROR;
				GCC_WARN_UNDECLARED_SELECTOR = YES;
				GCC_WARN_UNINITIALIZED_AUTOS = YES_AGGRESSIVE;
				GCC_WARN_UNUSED_FUNCTION = YES;
				GCC_WARN_UNUSED_VARIABLE = YES;
				IPHONEOS_DEPLOYMENT_TARGET = 11.2;
				MTL_ENABLE_DEBUG_INFO = NO;
				SDKROOT = iphoneos;
				SWIFT_OPTIMIZATION_LEVEL = "-Owholemodule";
				VALIDATE_PRODUCT = YES;
			};
			name = Release;
		};
		CE7F7E19204DD32E00548D5F /* Debug */ = {
			isa = XCBuildConfiguration;
			baseConfigurationReference = 0DFA2F96CCA1169634D2D0FE /* Pods-FairFeesApp.debug.xcconfig */;
			buildSettings = {
				ASSETCATALOG_COMPILER_APPICON_NAME = AppIcon;
				CODE_SIGN_STYLE = Automatic;
				DEVELOPMENT_TEAM = L4XYQHCH99;
				FRAMEWORK_SEARCH_PATHS = (
					"$(inherited)",
					"$(PROJECT_DIR)",
					"$(PROJECT_DIR)/FairFeesApp",
				);
				INFOPLIST_FILE = FairFeesApp/Info.plist;
				IPHONEOS_DEPLOYMENT_TARGET = 11.0;
				LD_RUNPATH_SEARCH_PATHS = "$(inherited) @executable_path/Frameworks";
				OTHER_LDFLAGS = "$(inherited)";
				PRODUCT_BUNDLE_IDENTIFIER = com.FairFees.FairFees;
				PRODUCT_NAME = "$(TARGET_NAME)";
				SWIFT_VERSION = 4.0;
				TARGETED_DEVICE_FAMILY = 1;
			};
			name = Debug;
		};
		CE7F7E1A204DD32E00548D5F /* Release */ = {
			isa = XCBuildConfiguration;
			baseConfigurationReference = AAC4FB017996BA05F30FFF74 /* Pods-FairFeesApp.release.xcconfig */;
			buildSettings = {
				ASSETCATALOG_COMPILER_APPICON_NAME = AppIcon;
				CODE_SIGN_STYLE = Automatic;
				DEVELOPMENT_TEAM = L4XYQHCH99;
				FRAMEWORK_SEARCH_PATHS = (
					"$(inherited)",
					"$(PROJECT_DIR)",
					"$(PROJECT_DIR)/FairFeesApp",
				);
				INFOPLIST_FILE = FairFeesApp/Info.plist;
				IPHONEOS_DEPLOYMENT_TARGET = 11.0;
				LD_RUNPATH_SEARCH_PATHS = "$(inherited) @executable_path/Frameworks";
				OTHER_LDFLAGS = "$(inherited)";
				PRODUCT_BUNDLE_IDENTIFIER = com.FairFees.FairFees;
				PRODUCT_NAME = "$(TARGET_NAME)";
				SWIFT_VERSION = 4.0;
				TARGETED_DEVICE_FAMILY = 1;
			};
			name = Release;
		};
		CE7F7E1C204DD32E00548D5F /* Debug */ = {
			isa = XCBuildConfiguration;
			baseConfigurationReference = 83708AB4367B80EBBA3E1144 /* Pods-FairFeesAppTests.debug.xcconfig */;
			buildSettings = {
				ALWAYS_EMBED_SWIFT_STANDARD_LIBRARIES = YES;
				BUNDLE_LOADER = "$(TEST_HOST)";
				CODE_SIGN_STYLE = Automatic;
				FRAMEWORK_SEARCH_PATHS = (
					"$(inherited)",
					"$(PROJECT_DIR)",
					"$(PROJECT_DIR)/FairFeesApp",
				);
				INFOPLIST_FILE = FairFeesAppTests/Info.plist;
				LD_RUNPATH_SEARCH_PATHS = "$(inherited) @executable_path/Frameworks @loader_path/Frameworks";
				PRODUCT_BUNDLE_IDENTIFIER = com.FairFees.FairFeesAppTests;
				PRODUCT_NAME = "$(TARGET_NAME)";
				SWIFT_VERSION = 4.0;
				TARGETED_DEVICE_FAMILY = "1,2";
				TEST_HOST = "$(BUILT_PRODUCTS_DIR)/FairFeesApp.app/FairFeesApp";
			};
			name = Debug;
		};
		CE7F7E1D204DD32E00548D5F /* Release */ = {
			isa = XCBuildConfiguration;
			baseConfigurationReference = 70D860E49D3D53E64D9B5E64 /* Pods-FairFeesAppTests.release.xcconfig */;
			buildSettings = {
				ALWAYS_EMBED_SWIFT_STANDARD_LIBRARIES = YES;
				BUNDLE_LOADER = "$(TEST_HOST)";
				CODE_SIGN_STYLE = Automatic;
				FRAMEWORK_SEARCH_PATHS = (
					"$(inherited)",
					"$(PROJECT_DIR)",
					"$(PROJECT_DIR)/FairFeesApp",
				);
				INFOPLIST_FILE = FairFeesAppTests/Info.plist;
				LD_RUNPATH_SEARCH_PATHS = "$(inherited) @executable_path/Frameworks @loader_path/Frameworks";
				PRODUCT_BUNDLE_IDENTIFIER = com.FairFees.FairFeesAppTests;
				PRODUCT_NAME = "$(TARGET_NAME)";
				SWIFT_VERSION = 4.0;
				TARGETED_DEVICE_FAMILY = "1,2";
				TEST_HOST = "$(BUILT_PRODUCTS_DIR)/FairFeesApp.app/FairFeesApp";
			};
			name = Release;
		};
		CE7F7E1F204DD32E00548D5F /* Debug */ = {
			isa = XCBuildConfiguration;
			baseConfigurationReference = 960C162E6E4F2CBCE53EB28D /* Pods-FairFeesAppUITests.debug.xcconfig */;
			buildSettings = {
				ALWAYS_EMBED_SWIFT_STANDARD_LIBRARIES = YES;
				CODE_SIGN_STYLE = Automatic;
				FRAMEWORK_SEARCH_PATHS = (
					"$(inherited)",
					"$(PROJECT_DIR)",
					"$(PROJECT_DIR)/FairFeesApp",
				);
				INFOPLIST_FILE = FairFeesAppUITests/Info.plist;
				LD_RUNPATH_SEARCH_PATHS = "$(inherited) @executable_path/Frameworks @loader_path/Frameworks";
				PRODUCT_BUNDLE_IDENTIFIER = com.FairFees.FairFeesAppUITests;
				PRODUCT_NAME = "$(TARGET_NAME)";
				SWIFT_VERSION = 4.0;
				TARGETED_DEVICE_FAMILY = "1,2";
				TEST_TARGET_NAME = FairFeesApp;
			};
			name = Debug;
		};
		CE7F7E20204DD32E00548D5F /* Release */ = {
			isa = XCBuildConfiguration;
			baseConfigurationReference = BA655933DA70A492664E8083 /* Pods-FairFeesAppUITests.release.xcconfig */;
			buildSettings = {
				ALWAYS_EMBED_SWIFT_STANDARD_LIBRARIES = YES;
				CODE_SIGN_STYLE = Automatic;
				FRAMEWORK_SEARCH_PATHS = (
					"$(inherited)",
					"$(PROJECT_DIR)",
					"$(PROJECT_DIR)/FairFeesApp",
				);
				INFOPLIST_FILE = FairFeesAppUITests/Info.plist;
				LD_RUNPATH_SEARCH_PATHS = "$(inherited) @executable_path/Frameworks @loader_path/Frameworks";
				PRODUCT_BUNDLE_IDENTIFIER = com.FairFees.FairFeesAppUITests;
				PRODUCT_NAME = "$(TARGET_NAME)";
				SWIFT_VERSION = 4.0;
				TARGETED_DEVICE_FAMILY = "1,2";
				TEST_TARGET_NAME = FairFeesApp;
			};
			name = Release;
		};
/* End XCBuildConfiguration section */

/* Begin XCConfigurationList section */
		CE7F7DE9204DD32D00548D5F /* Build configuration list for PBXProject "FairFeesApp" */ = {
			isa = XCConfigurationList;
			buildConfigurations = (
				CE7F7E16204DD32E00548D5F /* Debug */,
				CE7F7E17204DD32E00548D5F /* Release */,
			);
			defaultConfigurationIsVisible = 0;
			defaultConfigurationName = Release;
		};
		CE7F7E18204DD32E00548D5F /* Build configuration list for PBXNativeTarget "FairFeesApp" */ = {
			isa = XCConfigurationList;
			buildConfigurations = (
				CE7F7E19204DD32E00548D5F /* Debug */,
				CE7F7E1A204DD32E00548D5F /* Release */,
			);
			defaultConfigurationIsVisible = 0;
			defaultConfigurationName = Release;
		};
		CE7F7E1B204DD32E00548D5F /* Build configuration list for PBXNativeTarget "FairFeesAppTests" */ = {
			isa = XCConfigurationList;
			buildConfigurations = (
				CE7F7E1C204DD32E00548D5F /* Debug */,
				CE7F7E1D204DD32E00548D5F /* Release */,
			);
			defaultConfigurationIsVisible = 0;
			defaultConfigurationName = Release;
		};
		CE7F7E1E204DD32E00548D5F /* Build configuration list for PBXNativeTarget "FairFeesAppUITests" */ = {
			isa = XCConfigurationList;
			buildConfigurations = (
				CE7F7E1F204DD32E00548D5F /* Debug */,
				CE7F7E20204DD32E00548D5F /* Release */,
			);
			defaultConfigurationIsVisible = 0;
			defaultConfigurationName = Release;
		};
/* End XCConfigurationList section */
	};
	rootObject = CE7F7DE6204DD32D00548D5F /* Project object */;
}
